// !$*UTF8*$!
{
	archiveVersion = 1;
	classes = {
	};
	objectVersion = 46;
	objects = {

/* Begin PBXBuildFile section */
		6A01C75F1CEC0F0000B0857E /* construct.c in Sources */ = {isa = PBXBuildFile; fileRef = 6A01C7511CEC0F0000B0857E /* construct.c */; };
		6A01C7611CEC0F0000B0857E /* Makefile in Sources */ = {isa = PBXBuildFile; fileRef = 6A01C7551CEC0F0000B0857E /* Makefile */; };
		6A01C7621CEC0F0000B0857E /* misc.c in Sources */ = {isa = PBXBuildFile; fileRef = 6A01C7561CEC0F0000B0857E /* misc.c */; };
		6A01C7641CEC0F0000B0857E /* monotone.c in Sources */ = {isa = PBXBuildFile; fileRef = 6A01C7581CEC0F0000B0857E /* monotone.c */; };
		6A01C7661CEC0F0000B0857E /* tri.c in Sources */ = {isa = PBXBuildFile; fileRef = 6A01C75B1CEC0F0000B0857E /* tri.c */; };
		6A01C7821CEC3E1E00B0857E /* gpc.c in Sources */ = {isa = PBXBuildFile; fileRef = 6A01C7801CEC3E1E00B0857E /* gpc.c */; };
		6A01C7851CEC401A00B0857E /* triangle.c in Sources */ = {isa = PBXBuildFile; fileRef = 6A01C7831CEC401A00B0857E /* triangle.c */; };
		6A01C7881CEC40AE00B0857E /* hashmapTest.cpp in Sources */ = {isa = PBXBuildFile; fileRef = 6A01C7871CEC40AE00B0857E /* hashmapTest.cpp */; };
		6A07178B1D531F5D00A568FB /* test.cpp in Sources */ = {isa = PBXBuildFile; fileRef = 6A0717891D531F5D00A568FB /* test.cpp */; };
		6A08B85A1D3DFE1B008CE764 /* nedmalloc.c in Sources */ = {isa = PBXBuildFile; fileRef = 6A08B8581D3DFE1B008CE764 /* nedmalloc.c */; };
		6A08B85D1D3DFE29008CE764 /* dlmamlloc.cpp in Sources */ = {isa = PBXBuildFile; fileRef = 6A08B85B1D3DFE29008CE764 /* dlmamlloc.cpp */; };
		6A08B8601D3DFF51008CE764 /* MemoryPool.tcc in Sources */ = {isa = PBXBuildFile; fileRef = 6A08B85F1D3DFF51008CE764 /* MemoryPool.tcc */; };
		6A08B8791D3E186F008CE764 /* AllocatedObject.cpp in Sources */ = {isa = PBXBuildFile; fileRef = 6A08B8781D3E186F008CE764 /* AllocatedObject.cpp */; };
		6A08B87C1D3E1F21008CE764 /* NedPoolingPolicy.cpp in Sources */ = {isa = PBXBuildFile; fileRef = 6A08B87B1D3E1F21008CE764 /* NedPoolingPolicy.cpp */; };
		6A08B87D1D3E201A008CE764 /* NedPoolingPolicy.cpp in Sources */ = {isa = PBXBuildFile; fileRef = 6A08B87B1D3E1F21008CE764 /* NedPoolingPolicy.cpp */; };
		6A08B87E1D3E201A008CE764 /* AllocatedObject.cpp in Sources */ = {isa = PBXBuildFile; fileRef = 6A08B8781D3E186F008CE764 /* AllocatedObject.cpp */; };
		6A253AD81D6C2F7F005B21A5 /* Template.cpp in Sources */ = {isa = PBXBuildFile; fileRef = 6A253AD61D6C2F7F005B21A5 /* Template.cpp */; };
		6A2DAE061D1C0F620003A481 /* geometryTest.cpp in Sources */ = {isa = PBXBuildFile; fileRef = 6A2DAE051D1C0F620003A481 /* geometryTest.cpp */; };
		6A3B60F21C86D68A00FD7A31 /* tinystr.cpp in Sources */ = {isa = PBXBuildFile; fileRef = 6A3B60EE1C86D68A00FD7A31 /* tinystr.cpp */; };
		6A3B60F31C86D68A00FD7A31 /* tinyxml.cpp in Sources */ = {isa = PBXBuildFile; fileRef = 6A3B60EF1C86D68A00FD7A31 /* tinyxml.cpp */; };
		6A3B60F41C86D68A00FD7A31 /* tinyxmlerror.cpp in Sources */ = {isa = PBXBuildFile; fileRef = 6A3B60F01C86D68A00FD7A31 /* tinyxmlerror.cpp */; };
		6A3B60F51C86D68A00FD7A31 /* tinyxmlparser.cpp in Sources */ = {isa = PBXBuildFile; fileRef = 6A3B60F11C86D68A00FD7A31 /* tinyxmlparser.cpp */; };
		6A70228D1CACF83700817D59 /* templateTest.cpp in Sources */ = {isa = PBXBuildFile; fileRef = 6A70228C1CACF83700817D59 /* templateTest.cpp */; };
		6A721DC51CD9F4BE008F666C /* 2dPolylineTest.cpp in Sources */ = {isa = PBXBuildFile; fileRef = 6A721DC41CD9F4BE008F666C /* 2dPolylineTest.cpp */; };
		6A73048D1F47053F003A86E6 /* test0.cpp in Sources */ = {isa = PBXBuildFile; fileRef = 6A73048C1F47053F003A86E6 /* test0.cpp */; };
		6A733A911CC0993400B55C5D /* utf8-unicode.cpp in Sources */ = {isa = PBXBuildFile; fileRef = 6A733A901CC0993400B55C5D /* utf8-unicode.cpp */; };
		6A76AF981CCEFF7A0048AD43 /* memfuncpointer.cpp in Sources */ = {isa = PBXBuildFile; fileRef = 6A76AF971CCEFF7A0048AD43 /* memfuncpointer.cpp */; };
		6A76AF9A1CCF00F70048AD43 /* test.cpp in Sources */ = {isa = PBXBuildFile; fileRef = 6A76AF991CCF00F70048AD43 /* test.cpp */; };
		6A89E2BA1C7BF9B6006CE56A /* triangleTest.cpp in Sources */ = {isa = PBXBuildFile; fileRef = 6A89E2B91C7BF9B6006CE56A /* triangleTest.cpp */; };
		6A89E2BC1C7BFA1A006CE56A /* gpcTest.cpp in Sources */ = {isa = PBXBuildFile; fileRef = 6A89E2BB1C7BFA1A006CE56A /* gpcTest.cpp */; };
		6A91D7A21C992A0800AFDEF7 /* singleton.cpp in Sources */ = {isa = PBXBuildFile; fileRef = 6A91D7A01C992A0800AFDEF7 /* singleton.cpp */; };
		6ACB10A21D13CD3D00F53C9E /* octreeTest.cpp in Sources */ = {isa = PBXBuildFile; fileRef = 6ACB10A11D13CD3D00F53C9E /* octreeTest.cpp */; };
		6ACB10AF1D13E73200F53C9E /* memtest.cpp in Sources */ = {isa = PBXBuildFile; fileRef = 6ACB10AE1D13E73200F53C9E /* memtest.cpp */; };
		6ACC45DC1C86D6FF00348904 /* xmlTest.cpp in Sources */ = {isa = PBXBuildFile; fileRef = 6ACC45DB1C86D6FF00348904 /* xmlTest.cpp */; };
		6AE07A3D1C0BE22600563A09 /* jsonTest.cpp in Sources */ = {isa = PBXBuildFile; fileRef = 6AE07A3C1C0BE22600563A09 /* jsonTest.cpp */; };
		6AE9A3E81CD9E5F200BE20C5 /* polyline.cpp in Sources */ = {isa = PBXBuildFile; fileRef = 6AE9A3E71CD9E5F200BE20C5 /* polyline.cpp */; };
		6AF362AE1D0FFCA6002ECEBA /* lokiTest.cpp in Sources */ = {isa = PBXBuildFile; fileRef = 6AF362AD1D0FFCA6002ECEBA /* lokiTest.cpp */; };
		6AF362AF1D100346002ECEBA /* loki.framework in Frameworks */ = {isa = PBXBuildFile; fileRef = 6A271ED61D0FFBA90016A118 /* loki.framework */; };
/* End PBXBuildFile section */

/* Begin PBXCopyFilesBuildPhase section */
		6ACB10AA1D13E73200F53C9E /* CopyFiles */ = {
			isa = PBXCopyFilesBuildPhase;
			buildActionMask = 2147483647;
			dstPath = /usr/share/man/man1/;
			dstSubfolderSpec = 0;
			files = (
			);
			runOnlyForDeploymentPostprocessing = 1;
		};
		6AE07A371C0BE22600563A09 /* CopyFiles */ = {
			isa = PBXCopyFilesBuildPhase;
			buildActionMask = 2147483647;
			dstPath = /usr/share/man/man1/;
			dstSubfolderSpec = 0;
			files = (
			);
			runOnlyForDeploymentPostprocessing = 1;
		};
/* End PBXCopyFilesBuildPhase section */

/* Begin PBXFileReference section */
		6A01C7511CEC0F0000B0857E /* construct.c */ = {isa = PBXFileReference; fileEncoding = 4; lastKnownFileType = sourcecode.c.c; path = construct.c; sourceTree = "<group>"; };
		6A01C7531CEC0F0000B0857E /* data_1 */ = {isa = PBXFileReference; fileEncoding = 4; lastKnownFileType = text; path = data_1; sourceTree = "<group>"; };
		6A01C7541CEC0F0000B0857E /* interface.h */ = {isa = PBXFileReference; fileEncoding = 4; lastKnownFileType = sourcecode.c.h; path = interface.h; sourceTree = "<group>"; };
		6A01C7551CEC0F0000B0857E /* Makefile */ = {isa = PBXFileReference; fileEncoding = 4; lastKnownFileType = sourcecode.make; path = Makefile; sourceTree = "<group>"; };
		6A01C7561CEC0F0000B0857E /* misc.c */ = {isa = PBXFileReference; fileEncoding = 4; lastKnownFileType = sourcecode.c.c; path = misc.c; sourceTree = "<group>"; };
		6A01C7581CEC0F0000B0857E /* monotone.c */ = {isa = PBXFileReference; fileEncoding = 4; lastKnownFileType = sourcecode.c.c; path = monotone.c; sourceTree = "<group>"; };
		6A01C75A1CEC0F0000B0857E /* README */ = {isa = PBXFileReference; fileEncoding = 4; lastKnownFileType = text; path = README; sourceTree = "<group>"; };
		6A01C75B1CEC0F0000B0857E /* tri.c */ = {isa = PBXFileReference; fileEncoding = 4; lastKnownFileType = sourcecode.c.c; path = tri.c; sourceTree = "<group>"; };
		6A01C75E1CEC0F0000B0857E /* triangulate.h */ = {isa = PBXFileReference; fileEncoding = 4; lastKnownFileType = sourcecode.c.h; path = triangulate.h; sourceTree = "<group>"; };
		6A01C7801CEC3E1E00B0857E /* gpc.c */ = {isa = PBXFileReference; fileEncoding = 4; lastKnownFileType = sourcecode.c.c; name = gpc.c; path = gpc/gpc.c; sourceTree = "<group>"; };
		6A01C7811CEC3E1E00B0857E /* gpc.h */ = {isa = PBXFileReference; fileEncoding = 4; lastKnownFileType = sourcecode.c.h; name = gpc.h; path = gpc/gpc.h; sourceTree = "<group>"; };
		6A01C7831CEC401A00B0857E /* triangle.c */ = {isa = PBXFileReference; fileEncoding = 4; lastKnownFileType = sourcecode.c.c; name = triangle.c; path = triangle/triangle.c; sourceTree = "<group>"; };
		6A01C7841CEC401A00B0857E /* triangle.h */ = {isa = PBXFileReference; fileEncoding = 4; lastKnownFileType = sourcecode.c.h; name = triangle.h; path = triangle/triangle.h; sourceTree = "<group>"; };
		6A01C7871CEC40AE00B0857E /* hashmapTest.cpp */ = {isa = PBXFileReference; fileEncoding = 4; lastKnownFileType = sourcecode.cpp.cpp; path = hashmapTest.cpp; sourceTree = "<group>"; xcLanguageSpecificationIdentifier = xcode.lang.cpp; };
		6A0717891D531F5D00A568FB /* test.cpp */ = {isa = PBXFileReference; fileEncoding = 4; lastKnownFileType = sourcecode.cpp.cpp; path = test.cpp; sourceTree = "<group>"; };
		6A08B8571D3DFE1B008CE764 /* malloc.c.h */ = {isa = PBXFileReference; fileEncoding = 4; lastKnownFileType = sourcecode.c.h; name = malloc.c.h; path = mem/nedmalloc/malloc.c.h; sourceTree = "<group>"; };
		6A08B8581D3DFE1B008CE764 /* nedmalloc.c */ = {isa = PBXFileReference; fileEncoding = 4; lastKnownFileType = sourcecode.c.c; name = nedmalloc.c; path = mem/nedmalloc/nedmalloc.c; sourceTree = "<group>"; };
		6A08B8591D3DFE1B008CE764 /* nedmalloc.h */ = {isa = PBXFileReference; fileEncoding = 4; lastKnownFileType = sourcecode.c.h; name = nedmalloc.h; path = mem/nedmalloc/nedmalloc.h; sourceTree = "<group>"; };
		6A08B85B1D3DFE29008CE764 /* dlmamlloc.cpp */ = {isa = PBXFileReference; fileEncoding = 4; lastKnownFileType = sourcecode.cpp.cpp; name = dlmamlloc.cpp; path = mem/dlmalloc/dlmamlloc.cpp; sourceTree = "<group>"; };
		6A08B85C1D3DFE29008CE764 /* dlmamlloc.h */ = {isa = PBXFileReference; fileEncoding = 4; lastKnownFileType = sourcecode.c.h; name = dlmamlloc.h; path = mem/dlmalloc/dlmamlloc.h; sourceTree = "<group>"; };
		6A08B85E1D3DFF51008CE764 /* MemoryPool.h */ = {isa = PBXFileReference; fileEncoding = 4; lastKnownFileType = sourcecode.c.h; name = MemoryPool.h; path = mem/mempool/MemoryPool.h; sourceTree = "<group>"; };
		6A08B85F1D3DFF51008CE764 /* MemoryPool.tcc */ = {isa = PBXFileReference; fileEncoding = 4; lastKnownFileType = sourcecode.cpp.cpp; name = MemoryPool.tcc; path = mem/mempool/MemoryPool.tcc; sourceTree = "<group>"; };
		6A08B86C1D3E1616008CE764 /* Interface.h */ = {isa = PBXFileReference; fileEncoding = 4; lastKnownFileType = sourcecode.c.h; name = Interface.h; path = MyClassDef/Include/Interface.h; sourceTree = SOURCE_ROOT; };
		6A08B86D1D3E1616008CE764 /* NedPoolingPolicy.h */ = {isa = PBXFileReference; fileEncoding = 4; lastKnownFileType = sourcecode.c.h; name = NedPoolingPolicy.h; path = MyClassDef/Include/NedPoolingPolicy.h; sourceTree = SOURCE_ROOT; };
		6A08B8741D3E1751008CE764 /* MemAllocConfig.h */ = {isa = PBXFileReference; lastKnownFileType = sourcecode.c.h; name = MemAllocConfig.h; path = MyClassDef/Include/MemAllocConfig.h; sourceTree = "<group>"; };
		6A08B8781D3E186F008CE764 /* AllocatedObject.cpp */ = {isa = PBXFileReference; fileEncoding = 4; lastKnownFileType = sourcecode.cpp.cpp; name = AllocatedObject.cpp; path = MyClassDef/Src/AllocatedObject.cpp; sourceTree = SOURCE_ROOT; };
		6A08B87A1D3E1B26008CE764 /* AllocatedObject.h */ = {isa = PBXFileReference; fileEncoding = 4; lastKnownFileType = sourcecode.c.h; name = AllocatedObject.h; path = MyClassDef/Include/AllocatedObject.h; sourceTree = "<group>"; };
		6A08B87B1D3E1F21008CE764 /* NedPoolingPolicy.cpp */ = {isa = PBXFileReference; fileEncoding = 4; lastKnownFileType = sourcecode.cpp.cpp; name = NedPoolingPolicy.cpp; path = MyClassDef/Src/NedPoolingPolicy.cpp; sourceTree = SOURCE_ROOT; };
		6A253AD61D6C2F7F005B21A5 /* Template.cpp */ = {isa = PBXFileReference; fileEncoding = 4; lastKnownFileType = sourcecode.cpp.cpp; name = Template.cpp; path = Template/Template.cpp; sourceTree = "<group>"; };
		6A253AD71D6C2F7F005B21A5 /* Template.h */ = {isa = PBXFileReference; fileEncoding = 4; lastKnownFileType = sourcecode.c.h; name = Template.h; path = Template/Template.h; sourceTree = "<group>"; };
		6A271ED61D0FFBA90016A118 /* loki.framework */ = {isa = PBXFileReference; lastKnownFileType = wrapper.framework; name = loki.framework; path = loki/lib/loki.framework; sourceTree = "<group>"; };
		6A2DAE051D1C0F620003A481 /* geometryTest.cpp */ = {isa = PBXFileReference; fileEncoding = 4; lastKnownFileType = sourcecode.cpp.cpp; name = geometryTest.cpp; path = XCodeCppTest.xcodeproj/../geometryTest.cpp; sourceTree = SOURCE_ROOT; };
		6A2DAE0A1D1C10C00003A481 /* _box2_8hpp-source.html */ = {isa = PBXFileReference; fileEncoding = 4; lastKnownFileType = text.html; path = "_box2_8hpp-source.html"; sourceTree = "<group>"; };
		6A2DAE0B1D1C10C00003A481 /* _box2_8hpp.html */ = {isa = PBXFileReference; fileEncoding = 4; lastKnownFileType = text.html; path = _box2_8hpp.html; sourceTree = "<group>"; };
		6A2DAE0C1D1C10C00003A481 /* _box3_8hpp-source.html */ = {isa = PBXFileReference; fileEncoding = 4; lastKnownFileType = text.html; path = "_box3_8hpp-source.html"; sourceTree = "<group>"; };
		6A2DAE0D1D1C10C00003A481 /* _box3_8hpp.html */ = {isa = PBXFileReference; fileEncoding = 4; lastKnownFileType = text.html; path = _box3_8hpp.html; sourceTree = "<group>"; };
		6A2DAE0E1D1C10C00003A481 /* _circle2_8hpp-source.html */ = {isa = PBXFileReference; fileEncoding = 4; lastKnownFileType = text.html; path = "_circle2_8hpp-source.html"; sourceTree = "<group>"; };
		6A2DAE0F1D1C10C00003A481 /* _circle2_8hpp.html */ = {isa = PBXFileReference; fileEncoding = 4; lastKnownFileType = text.html; path = _circle2_8hpp.html; sourceTree = "<group>"; };
		6A2DAE101D1C10C00003A481 /* _complex_8hpp-source.html */ = {isa = PBXFileReference; fileEncoding = 4; lastKnownFileType = text.html; path = "_complex_8hpp-source.html"; sourceTree = "<group>"; };
		6A2DAE111D1C10C00003A481 /* _complex_8hpp.html */ = {isa = PBXFileReference; fileEncoding = 4; lastKnownFileType = text.html; path = _complex_8hpp.html; sourceTree = "<group>"; };
		6A2DAE121D1C10C00003A481 /* _geometry_8hpp-source.html */ = {isa = PBXFileReference; fileEncoding = 4; lastKnownFileType = text.html; path = "_geometry_8hpp-source.html"; sourceTree = "<group>"; };
		6A2DAE131D1C10C00003A481 /* _geometry_8hpp.html */ = {isa = PBXFileReference; fileEncoding = 4; lastKnownFileType = text.html; path = _geometry_8hpp.html; sourceTree = "<group>"; };
		6A2DAE141D1C10C00003A481 /* _matrix3_8hpp-source.html */ = {isa = PBXFileReference; fileEncoding = 4; lastKnownFileType = text.html; path = "_matrix3_8hpp-source.html"; sourceTree = "<group>"; };
		6A2DAE151D1C10C00003A481 /* _matrix3_8hpp.html */ = {isa = PBXFileReference; fileEncoding = 4; lastKnownFileType = text.html; path = _matrix3_8hpp.html; sourceTree = "<group>"; };
		6A2DAE161D1C10C00003A481 /* _matrix4_8hpp-source.html */ = {isa = PBXFileReference; fileEncoding = 4; lastKnownFileType = text.html; path = "_matrix4_8hpp-source.html"; sourceTree = "<group>"; };
		6A2DAE171D1C10C00003A481 /* _matrix4_8hpp.html */ = {isa = PBXFileReference; fileEncoding = 4; lastKnownFileType = text.html; path = _matrix4_8hpp.html; sourceTree = "<group>"; };
		6A2DAE181D1C10C00003A481 /* _plane_8hpp-source.html */ = {isa = PBXFileReference; fileEncoding = 4; lastKnownFileType = text.html; path = "_plane_8hpp-source.html"; sourceTree = "<group>"; };
		6A2DAE191D1C10C00003A481 /* _plane_8hpp.html */ = {isa = PBXFileReference; fileEncoding = 4; lastKnownFileType = text.html; path = _plane_8hpp.html; sourceTree = "<group>"; };
		6A2DAE1A1D1C10C00003A481 /* _quat_8hpp-source.html */ = {isa = PBXFileReference; fileEncoding = 4; lastKnownFileType = text.html; path = "_quat_8hpp-source.html"; sourceTree = "<group>"; };
		6A2DAE1B1D1C10C00003A481 /* _quat_8hpp.html */ = {isa = PBXFileReference; fileEncoding = 4; lastKnownFileType = text.html; path = _quat_8hpp.html; sourceTree = "<group>"; };
		6A2DAE1C1D1C10C00003A481 /* _ray_8hpp-source.html */ = {isa = PBXFileReference; fileEncoding = 4; lastKnownFileType = text.html; path = "_ray_8hpp-source.html"; sourceTree = "<group>"; };
		6A2DAE1D1D1C10C00003A481 /* _ray_8hpp.html */ = {isa = PBXFileReference; fileEncoding = 4; lastKnownFileType = text.html; path = _ray_8hpp.html; sourceTree = "<group>"; };
		6A2DAE1E1D1C10C00003A481 /* _sphere_8hpp-source.html */ = {isa = PBXFileReference; fileEncoding = 4; lastKnownFileType = text.html; path = "_sphere_8hpp-source.html"; sourceTree = "<group>"; };
		6A2DAE1F1D1C10C00003A481 /* _sphere_8hpp.html */ = {isa = PBXFileReference; fileEncoding = 4; lastKnownFileType = text.html; path = _sphere_8hpp.html; sourceTree = "<group>"; };
		6A2DAE201D1C10C00003A481 /* _vec2_8hpp-source.html */ = {isa = PBXFileReference; fileEncoding = 4; lastKnownFileType = text.html; path = "_vec2_8hpp-source.html"; sourceTree = "<group>"; };
		6A2DAE211D1C10C00003A481 /* _vec2_8hpp.html */ = {isa = PBXFileReference; fileEncoding = 4; lastKnownFileType = text.html; path = _vec2_8hpp.html; sourceTree = "<group>"; };
		6A2DAE221D1C10C00003A481 /* _vec3_8hpp-source.html */ = {isa = PBXFileReference; fileEncoding = 4; lastKnownFileType = text.html; path = "_vec3_8hpp-source.html"; sourceTree = "<group>"; };
		6A2DAE231D1C10C00003A481 /* _vec3_8hpp.html */ = {isa = PBXFileReference; fileEncoding = 4; lastKnownFileType = text.html; path = _vec3_8hpp.html; sourceTree = "<group>"; };
		6A2DAE241D1C10C00003A481 /* _vec4_8hpp-source.html */ = {isa = PBXFileReference; fileEncoding = 4; lastKnownFileType = text.html; path = "_vec4_8hpp-source.html"; sourceTree = "<group>"; };
		6A2DAE251D1C10C00003A481 /* _vec4_8hpp.html */ = {isa = PBXFileReference; fileEncoding = 4; lastKnownFileType = text.html; path = _vec4_8hpp.html; sourceTree = "<group>"; };
		6A2DAE261D1C10C00003A481 /* _xf_box3_8hpp-source.html */ = {isa = PBXFileReference; fileEncoding = 4; lastKnownFileType = text.html; path = "_xf_box3_8hpp-source.html"; sourceTree = "<group>"; };
		6A2DAE271D1C10C00003A481 /* _xf_box3_8hpp.html */ = {isa = PBXFileReference; fileEncoding = 4; lastKnownFileType = text.html; path = _xf_box3_8hpp.html; sourceTree = "<group>"; };
		6A2DAE281D1C10C00003A481 /* annotated.html */ = {isa = PBXFileReference; fileEncoding = 4; lastKnownFileType = text.html; path = annotated.html; sourceTree = "<group>"; };
		6A2DAE291D1C10C00003A481 /* box2_8hpp-source.html */ = {isa = PBXFileReference; fileEncoding = 4; lastKnownFileType = text.html; path = "box2_8hpp-source.html"; sourceTree = "<group>"; };
		6A2DAE2A1D1C10C00003A481 /* box2_8hpp.html */ = {isa = PBXFileReference; fileEncoding = 4; lastKnownFileType = text.html; path = box2_8hpp.html; sourceTree = "<group>"; };
		6A2DAE2B1D1C10C00003A481 /* box3_8hpp-source.html */ = {isa = PBXFileReference; fileEncoding = 4; lastKnownFileType = text.html; path = "box3_8hpp-source.html"; sourceTree = "<group>"; };
		6A2DAE2C1D1C10C00003A481 /* box3_8hpp.html */ = {isa = PBXFileReference; fileEncoding = 4; lastKnownFileType = text.html; path = box3_8hpp.html; sourceTree = "<group>"; };
		6A2DAE2D1D1C10C00003A481 /* circle_8hpp-source.html */ = {isa = PBXFileReference; fileEncoding = 4; lastKnownFileType = text.html; path = "circle_8hpp-source.html"; sourceTree = "<group>"; };
		6A2DAE2E1D1C10C00003A481 /* circle_8hpp.html */ = {isa = PBXFileReference; fileEncoding = 4; lastKnownFileType = text.html; path = circle_8hpp.html; sourceTree = "<group>"; };
		6A2DAE2F1D1C10C00003A481 /* classes.html */ = {isa = PBXFileReference; fileEncoding = 4; lastKnownFileType = text.html; path = classes.html; sourceTree = "<group>"; };
		6A2DAE301D1C10C00003A481 /* classgeo_1_1_box2-members.html */ = {isa = PBXFileReference; fileEncoding = 4; lastKnownFileType = text.html; path = "classgeo_1_1_box2-members.html"; sourceTree = "<group>"; };
		6A2DAE311D1C10C00003A481 /* classgeo_1_1_box2.html */ = {isa = PBXFileReference; fileEncoding = 4; lastKnownFileType = text.html; path = classgeo_1_1_box2.html; sourceTree = "<group>"; };
		6A2DAE321D1C10C00003A481 /* classgeo_1_1_box3-members.html */ = {isa = PBXFileReference; fileEncoding = 4; lastKnownFileType = text.html; path = "classgeo_1_1_box3-members.html"; sourceTree = "<group>"; };
		6A2DAE331D1C10C00003A481 /* classgeo_1_1_box3.html */ = {isa = PBXFileReference; fileEncoding = 4; lastKnownFileType = text.html; path = classgeo_1_1_box3.html; sourceTree = "<group>"; };
		6A2DAE341D1C10C00003A481 /* classgeo_1_1_box3.png */ = {isa = PBXFileReference; lastKnownFileType = image.png; path = classgeo_1_1_box3.png; sourceTree = "<group>"; };
		6A2DAE351D1C10C00003A481 /* classgeo_1_1_circle2-members.html */ = {isa = PBXFileReference; fileEncoding = 4; lastKnownFileType = text.html; path = "classgeo_1_1_circle2-members.html"; sourceTree = "<group>"; };
		6A2DAE361D1C10C00003A481 /* classgeo_1_1_circle2.html */ = {isa = PBXFileReference; fileEncoding = 4; lastKnownFileType = text.html; path = classgeo_1_1_circle2.html; sourceTree = "<group>"; };
		6A2DAE371D1C10C00003A481 /* classgeo_1_1_complex-members.html */ = {isa = PBXFileReference; fileEncoding = 4; lastKnownFileType = text.html; path = "classgeo_1_1_complex-members.html"; sourceTree = "<group>"; };
		6A2DAE381D1C10C00003A481 /* classgeo_1_1_complex.html */ = {isa = PBXFileReference; fileEncoding = 4; lastKnownFileType = text.html; path = classgeo_1_1_complex.html; sourceTree = "<group>"; };
		6A2DAE391D1C10C00003A481 /* classgeo_1_1_matrix3-members.html */ = {isa = PBXFileReference; fileEncoding = 4; lastKnownFileType = text.html; path = "classgeo_1_1_matrix3-members.html"; sourceTree = "<group>"; };
		6A2DAE3A1D1C10C00003A481 /* classgeo_1_1_matrix3.html */ = {isa = PBXFileReference; fileEncoding = 4; lastKnownFileType = text.html; path = classgeo_1_1_matrix3.html; sourceTree = "<group>"; };
		6A2DAE3B1D1C10C00003A481 /* classgeo_1_1_matrix4-members.html */ = {isa = PBXFileReference; fileEncoding = 4; lastKnownFileType = text.html; path = "classgeo_1_1_matrix4-members.html"; sourceTree = "<group>"; };
		6A2DAE3C1D1C10C00003A481 /* classgeo_1_1_matrix4.html */ = {isa = PBXFileReference; fileEncoding = 4; lastKnownFileType = text.html; path = classgeo_1_1_matrix4.html; sourceTree = "<group>"; };
		6A2DAE3D1D1C10C00003A481 /* classgeo_1_1_plane-members.html */ = {isa = PBXFileReference; fileEncoding = 4; lastKnownFileType = text.html; path = "classgeo_1_1_plane-members.html"; sourceTree = "<group>"; };
		6A2DAE3E1D1C10C00003A481 /* classgeo_1_1_plane.html */ = {isa = PBXFileReference; fileEncoding = 4; lastKnownFileType = text.html; path = classgeo_1_1_plane.html; sourceTree = "<group>"; };
		6A2DAE3F1D1C10C00003A481 /* classgeo_1_1_quat-members.html */ = {isa = PBXFileReference; fileEncoding = 4; lastKnownFileType = text.html; path = "classgeo_1_1_quat-members.html"; sourceTree = "<group>"; };
		6A2DAE401D1C10C00003A481 /* classgeo_1_1_quat.html */ = {isa = PBXFileReference; fileEncoding = 4; lastKnownFileType = text.html; path = classgeo_1_1_quat.html; sourceTree = "<group>"; };
		6A2DAE411D1C10C00003A481 /* classgeo_1_1_ray-members.html */ = {isa = PBXFileReference; fileEncoding = 4; lastKnownFileType = text.html; path = "classgeo_1_1_ray-members.html"; sourceTree = "<group>"; };
		6A2DAE421D1C10C00003A481 /* classgeo_1_1_ray.html */ = {isa = PBXFileReference; fileEncoding = 4; lastKnownFileType = text.html; path = classgeo_1_1_ray.html; sourceTree = "<group>"; };
		6A2DAE431D1C10C00003A481 /* classgeo_1_1_sphere-members.html */ = {isa = PBXFileReference; fileEncoding = 4; lastKnownFileType = text.html; path = "classgeo_1_1_sphere-members.html"; sourceTree = "<group>"; };
		6A2DAE441D1C10C00003A481 /* classgeo_1_1_sphere.html */ = {isa = PBXFileReference; fileEncoding = 4; lastKnownFileType = text.html; path = classgeo_1_1_sphere.html; sourceTree = "<group>"; };
		6A2DAE451D1C10C00003A481 /* classgeo_1_1_vec2-members.html */ = {isa = PBXFileReference; fileEncoding = 4; lastKnownFileType = text.html; path = "classgeo_1_1_vec2-members.html"; sourceTree = "<group>"; };
		6A2DAE461D1C10C00003A481 /* classgeo_1_1_vec2.html */ = {isa = PBXFileReference; fileEncoding = 4; lastKnownFileType = text.html; path = classgeo_1_1_vec2.html; sourceTree = "<group>"; };
		6A2DAE471D1C10C00003A481 /* classgeo_1_1_vec3-members.html */ = {isa = PBXFileReference; fileEncoding = 4; lastKnownFileType = text.html; path = "classgeo_1_1_vec3-members.html"; sourceTree = "<group>"; };
		6A2DAE481D1C10C00003A481 /* classgeo_1_1_vec3.html */ = {isa = PBXFileReference; fileEncoding = 4; lastKnownFileType = text.html; path = classgeo_1_1_vec3.html; sourceTree = "<group>"; };
		6A2DAE491D1C10C00003A481 /* classgeo_1_1_vec4-members.html */ = {isa = PBXFileReference; fileEncoding = 4; lastKnownFileType = text.html; path = "classgeo_1_1_vec4-members.html"; sourceTree = "<group>"; };
		6A2DAE4A1D1C10C00003A481 /* classgeo_1_1_vec4.html */ = {isa = PBXFileReference; fileEncoding = 4; lastKnownFileType = text.html; path = classgeo_1_1_vec4.html; sourceTree = "<group>"; };
		6A2DAE4B1D1C10C00003A481 /* classgeo_1_1_xf_box3-members.html */ = {isa = PBXFileReference; fileEncoding = 4; lastKnownFileType = text.html; path = "classgeo_1_1_xf_box3-members.html"; sourceTree = "<group>"; };
		6A2DAE4C1D1C10C00003A481 /* classgeo_1_1_xf_box3.html */ = {isa = PBXFileReference; fileEncoding = 4; lastKnownFileType = text.html; path = classgeo_1_1_xf_box3.html; sourceTree = "<group>"; };
		6A2DAE4D1D1C10C00003A481 /* classgeo_1_1_xf_box3.png */ = {isa = PBXFileReference; lastKnownFileType = image.png; path = classgeo_1_1_xf_box3.png; sourceTree = "<group>"; };
		6A2DAE4E1D1C10C00003A481 /* classgtl_1_1_box2-members.html */ = {isa = PBXFileReference; fileEncoding = 4; lastKnownFileType = text.html; path = "classgtl_1_1_box2-members.html"; sourceTree = "<group>"; };
		6A2DAE4F1D1C10C00003A481 /* classgtl_1_1_box2.html */ = {isa = PBXFileReference; fileEncoding = 4; lastKnownFileType = text.html; path = classgtl_1_1_box2.html; sourceTree = "<group>"; };
		6A2DAE501D1C10C00003A481 /* classgtl_1_1_box3-members.html */ = {isa = PBXFileReference; fileEncoding = 4; lastKnownFileType = text.html; path = "classgtl_1_1_box3-members.html"; sourceTree = "<group>"; };
		6A2DAE511D1C10C00003A481 /* classgtl_1_1_box3.html */ = {isa = PBXFileReference; fileEncoding = 4; lastKnownFileType = text.html; path = classgtl_1_1_box3.html; sourceTree = "<group>"; };
		6A2DAE521D1C10C00003A481 /* classgtl_1_1_box3.png */ = {isa = PBXFileReference; lastKnownFileType = image.png; path = classgtl_1_1_box3.png; sourceTree = "<group>"; };
		6A2DAE531D1C10C00003A481 /* classgtl_1_1_circle-members.html */ = {isa = PBXFileReference; fileEncoding = 4; lastKnownFileType = text.html; path = "classgtl_1_1_circle-members.html"; sourceTree = "<group>"; };
		6A2DAE541D1C10C00003A481 /* classgtl_1_1_circle.html */ = {isa = PBXFileReference; fileEncoding = 4; lastKnownFileType = text.html; path = classgtl_1_1_circle.html; sourceTree = "<group>"; };
		6A2DAE551D1C10C00003A481 /* classgtl_1_1_complex-members.html */ = {isa = PBXFileReference; fileEncoding = 4; lastKnownFileType = text.html; path = "classgtl_1_1_complex-members.html"; sourceTree = "<group>"; };
		6A2DAE561D1C10C00003A481 /* classgtl_1_1_complex.html */ = {isa = PBXFileReference; fileEncoding = 4; lastKnownFileType = text.html; path = classgtl_1_1_complex.html; sourceTree = "<group>"; };
		6A2DAE571D1C10C00003A481 /* classgtl_1_1_matrix3-members.html */ = {isa = PBXFileReference; fileEncoding = 4; lastKnownFileType = text.html; path = "classgtl_1_1_matrix3-members.html"; sourceTree = "<group>"; };
		6A2DAE581D1C10C00003A481 /* classgtl_1_1_matrix3.html */ = {isa = PBXFileReference; fileEncoding = 4; lastKnownFileType = text.html; path = classgtl_1_1_matrix3.html; sourceTree = "<group>"; };
		6A2DAE591D1C10C00003A481 /* classgtl_1_1_matrix4-members.html */ = {isa = PBXFileReference; fileEncoding = 4; lastKnownFileType = text.html; path = "classgtl_1_1_matrix4-members.html"; sourceTree = "<group>"; };
		6A2DAE5A1D1C10C00003A481 /* classgtl_1_1_matrix4.html */ = {isa = PBXFileReference; fileEncoding = 4; lastKnownFileType = text.html; path = classgtl_1_1_matrix4.html; sourceTree = "<group>"; };
		6A2DAE5B1D1C10C00003A481 /* classgtl_1_1_plane-members.html */ = {isa = PBXFileReference; fileEncoding = 4; lastKnownFileType = text.html; path = "classgtl_1_1_plane-members.html"; sourceTree = "<group>"; };
		6A2DAE5C1D1C10C00003A481 /* classgtl_1_1_plane.html */ = {isa = PBXFileReference; fileEncoding = 4; lastKnownFileType = text.html; path = classgtl_1_1_plane.html; sourceTree = "<group>"; };
		6A2DAE5D1D1C10C00003A481 /* classgtl_1_1_quat-members.html */ = {isa = PBXFileReference; fileEncoding = 4; lastKnownFileType = text.html; path = "classgtl_1_1_quat-members.html"; sourceTree = "<group>"; };
		6A2DAE5E1D1C10C00003A481 /* classgtl_1_1_quat.html */ = {isa = PBXFileReference; fileEncoding = 4; lastKnownFileType = text.html; path = classgtl_1_1_quat.html; sourceTree = "<group>"; };
		6A2DAE5F1D1C10C00003A481 /* classgtl_1_1_ray-members.html */ = {isa = PBXFileReference; fileEncoding = 4; lastKnownFileType = text.html; path = "classgtl_1_1_ray-members.html"; sourceTree = "<group>"; };
		6A2DAE601D1C10C00003A481 /* classgtl_1_1_ray.html */ = {isa = PBXFileReference; fileEncoding = 4; lastKnownFileType = text.html; path = classgtl_1_1_ray.html; sourceTree = "<group>"; };
		6A2DAE611D1C10C00003A481 /* classgtl_1_1_sphere-members.html */ = {isa = PBXFileReference; fileEncoding = 4; lastKnownFileType = text.html; path = "classgtl_1_1_sphere-members.html"; sourceTree = "<group>"; };
		6A2DAE621D1C10C00003A481 /* classgtl_1_1_sphere.html */ = {isa = PBXFileReference; fileEncoding = 4; lastKnownFileType = text.html; path = classgtl_1_1_sphere.html; sourceTree = "<group>"; };
		6A2DAE631D1C10C00003A481 /* classgtl_1_1_vec2-members.html */ = {isa = PBXFileReference; fileEncoding = 4; lastKnownFileType = text.html; path = "classgtl_1_1_vec2-members.html"; sourceTree = "<group>"; };
		6A2DAE641D1C10C00003A481 /* classgtl_1_1_vec2.html */ = {isa = PBXFileReference; fileEncoding = 4; lastKnownFileType = text.html; path = classgtl_1_1_vec2.html; sourceTree = "<group>"; };
		6A2DAE651D1C10C00003A481 /* classgtl_1_1_vec3-members.html */ = {isa = PBXFileReference; fileEncoding = 4; lastKnownFileType = text.html; path = "classgtl_1_1_vec3-members.html"; sourceTree = "<group>"; };
		6A2DAE661D1C10C00003A481 /* classgtl_1_1_vec3.html */ = {isa = PBXFileReference; fileEncoding = 4; lastKnownFileType = text.html; path = classgtl_1_1_vec3.html; sourceTree = "<group>"; };
		6A2DAE671D1C10C00003A481 /* classgtl_1_1_vec4-members.html */ = {isa = PBXFileReference; fileEncoding = 4; lastKnownFileType = text.html; path = "classgtl_1_1_vec4-members.html"; sourceTree = "<group>"; };
		6A2DAE681D1C10C00003A481 /* classgtl_1_1_vec4.html */ = {isa = PBXFileReference; fileEncoding = 4; lastKnownFileType = text.html; path = classgtl_1_1_vec4.html; sourceTree = "<group>"; };
		6A2DAE691D1C10C00003A481 /* classgtl_1_1_xf_box3-members.html */ = {isa = PBXFileReference; fileEncoding = 4; lastKnownFileType = text.html; path = "classgtl_1_1_xf_box3-members.html"; sourceTree = "<group>"; };
		6A2DAE6A1D1C10C00003A481 /* classgtl_1_1_xf_box3.html */ = {isa = PBXFileReference; fileEncoding = 4; lastKnownFileType = text.html; path = classgtl_1_1_xf_box3.html; sourceTree = "<group>"; };
		6A2DAE6B1D1C10C00003A481 /* classgtl_1_1_xf_box3.png */ = {isa = PBXFileReference; lastKnownFileType = image.png; path = classgtl_1_1_xf_box3.png; sourceTree = "<group>"; };
		6A2DAE6C1D1C10C00003A481 /* complex_8hpp-source.html */ = {isa = PBXFileReference; fileEncoding = 4; lastKnownFileType = text.html; path = "complex_8hpp-source.html"; sourceTree = "<group>"; };
		6A2DAE6D1D1C10C00003A481 /* complex_8hpp.html */ = {isa = PBXFileReference; fileEncoding = 4; lastKnownFileType = text.html; path = complex_8hpp.html; sourceTree = "<group>"; };
		6A2DAE6E1D1C10C00003A481 /* dir_562e9cdbb79a04f05979e49e3df4343e.html */ = {isa = PBXFileReference; fileEncoding = 4; lastKnownFileType = text.html; path = dir_562e9cdbb79a04f05979e49e3df4343e.html; sourceTree = "<group>"; };
		6A2DAE6F1D1C10C00003A481 /* dir_8ae3cd1b06edf79ecf218b6aae448d00.html */ = {isa = PBXFileReference; fileEncoding = 4; lastKnownFileType = text.html; path = dir_8ae3cd1b06edf79ecf218b6aae448d00.html; sourceTree = "<group>"; };
		6A2DAE701D1C10C00003A481 /* dir_a0362990858c4ab15dab14bdb5d60c61.html */ = {isa = PBXFileReference; fileEncoding = 4; lastKnownFileType = text.html; path = dir_a0362990858c4ab15dab14bdb5d60c61.html; sourceTree = "<group>"; };
		6A2DAE711D1C10C00003A481 /* dirs.html */ = {isa = PBXFileReference; fileEncoding = 4; lastKnownFileType = text.html; path = dirs.html; sourceTree = "<group>"; };
		6A2DAE721D1C10C00003A481 /* doxygen.css */ = {isa = PBXFileReference; fileEncoding = 4; lastKnownFileType = text.css; path = doxygen.css; sourceTree = "<group>"; };
		6A2DAE731D1C10C00003A481 /* doxygen.png */ = {isa = PBXFileReference; lastKnownFileType = image.png; path = doxygen.png; sourceTree = "<group>"; };
		6A2DAE741D1C10C00003A481 /* files.html */ = {isa = PBXFileReference; fileEncoding = 4; lastKnownFileType = text.html; path = files.html; sourceTree = "<group>"; };
		6A2DAE751D1C10C00003A481 /* ftv2blank.png */ = {isa = PBXFileReference; lastKnownFileType = image.png; path = ftv2blank.png; sourceTree = "<group>"; };
		6A2DAE761D1C10C00003A481 /* ftv2doc.png */ = {isa = PBXFileReference; lastKnownFileType = image.png; path = ftv2doc.png; sourceTree = "<group>"; };
		6A2DAE771D1C10C00003A481 /* ftv2folderclosed.png */ = {isa = PBXFileReference; lastKnownFileType = image.png; path = ftv2folderclosed.png; sourceTree = "<group>"; };
		6A2DAE781D1C10C00003A481 /* ftv2folderopen.png */ = {isa = PBXFileReference; lastKnownFileType = image.png; path = ftv2folderopen.png; sourceTree = "<group>"; };
		6A2DAE791D1C10C00003A481 /* ftv2lastnode.png */ = {isa = PBXFileReference; lastKnownFileType = image.png; path = ftv2lastnode.png; sourceTree = "<group>"; };
		6A2DAE7A1D1C10C00003A481 /* ftv2link.png */ = {isa = PBXFileReference; lastKnownFileType = image.png; path = ftv2link.png; sourceTree = "<group>"; };
		6A2DAE7B1D1C10C00003A481 /* ftv2mlastnode.png */ = {isa = PBXFileReference; lastKnownFileType = image.png; path = ftv2mlastnode.png; sourceTree = "<group>"; };
		6A2DAE7C1D1C10C00003A481 /* ftv2mnode.png */ = {isa = PBXFileReference; lastKnownFileType = image.png; path = ftv2mnode.png; sourceTree = "<group>"; };
		6A2DAE7D1D1C10C00003A481 /* ftv2node.png */ = {isa = PBXFileReference; lastKnownFileType = image.png; path = ftv2node.png; sourceTree = "<group>"; };
		6A2DAE7E1D1C10C00003A481 /* ftv2plastnode.png */ = {isa = PBXFileReference; lastKnownFileType = image.png; path = ftv2plastnode.png; sourceTree = "<group>"; };
		6A2DAE7F1D1C10C00003A481 /* ftv2pnode.png */ = {isa = PBXFileReference; lastKnownFileType = image.png; path = ftv2pnode.png; sourceTree = "<group>"; };
		6A2DAE801D1C10C00003A481 /* ftv2vertline.png */ = {isa = PBXFileReference; lastKnownFileType = image.png; path = ftv2vertline.png; sourceTree = "<group>"; };
		6A2DAE811D1C10C00003A481 /* functions.html */ = {isa = PBXFileReference; fileEncoding = 4; lastKnownFileType = text.html; path = functions.html; sourceTree = "<group>"; };
		6A2DAE821D1C10C00003A481 /* functions_0x63.html */ = {isa = PBXFileReference; fileEncoding = 4; lastKnownFileType = text.html; path = functions_0x63.html; sourceTree = "<group>"; };
		6A2DAE831D1C10C00003A481 /* functions_0x64.html */ = {isa = PBXFileReference; fileEncoding = 4; lastKnownFileType = text.html; path = functions_0x64.html; sourceTree = "<group>"; };
		6A2DAE841D1C10C00003A481 /* functions_0x65.html */ = {isa = PBXFileReference; fileEncoding = 4; lastKnownFileType = text.html; path = functions_0x65.html; sourceTree = "<group>"; };
		6A2DAE851D1C10C00003A481 /* functions_0x67.html */ = {isa = PBXFileReference; fileEncoding = 4; lastKnownFileType = text.html; path = functions_0x67.html; sourceTree = "<group>"; };
		6A2DAE861D1C10C00003A481 /* functions_0x69.html */ = {isa = PBXFileReference; fileEncoding = 4; lastKnownFileType = text.html; path = functions_0x69.html; sourceTree = "<group>"; };
		6A2DAE871D1C10C00003A481 /* functions_0x6c.html */ = {isa = PBXFileReference; fileEncoding = 4; lastKnownFileType = text.html; path = functions_0x6c.html; sourceTree = "<group>"; };
		6A2DAE881D1C10C00003A481 /* functions_0x6d.html */ = {isa = PBXFileReference; fileEncoding = 4; lastKnownFileType = text.html; path = functions_0x6d.html; sourceTree = "<group>"; };
		6A2DAE891D1C10C00003A481 /* functions_0x6e.html */ = {isa = PBXFileReference; fileEncoding = 4; lastKnownFileType = text.html; path = functions_0x6e.html; sourceTree = "<group>"; };
		6A2DAE8A1D1C10C00003A481 /* functions_0x6f.html */ = {isa = PBXFileReference; fileEncoding = 4; lastKnownFileType = text.html; path = functions_0x6f.html; sourceTree = "<group>"; };
		6A2DAE8B1D1C10C00003A481 /* functions_0x70.html */ = {isa = PBXFileReference; fileEncoding = 4; lastKnownFileType = text.html; path = functions_0x70.html; sourceTree = "<group>"; };
		6A2DAE8C1D1C10C00003A481 /* functions_0x71.html */ = {isa = PBXFileReference; fileEncoding = 4; lastKnownFileType = text.html; path = functions_0x71.html; sourceTree = "<group>"; };
		6A2DAE8D1D1C10C00003A481 /* functions_0x72.html */ = {isa = PBXFileReference; fileEncoding = 4; lastKnownFileType = text.html; path = functions_0x72.html; sourceTree = "<group>"; };
		6A2DAE8E1D1C10C00003A481 /* functions_0x73.html */ = {isa = PBXFileReference; fileEncoding = 4; lastKnownFileType = text.html; path = functions_0x73.html; sourceTree = "<group>"; };
		6A2DAE8F1D1C10C00003A481 /* functions_0x74.html */ = {isa = PBXFileReference; fileEncoding = 4; lastKnownFileType = text.html; path = functions_0x74.html; sourceTree = "<group>"; };
		6A2DAE901D1C10C00003A481 /* functions_0x76.html */ = {isa = PBXFileReference; fileEncoding = 4; lastKnownFileType = text.html; path = functions_0x76.html; sourceTree = "<group>"; };
		6A2DAE911D1C10C00003A481 /* functions_0x77.html */ = {isa = PBXFileReference; fileEncoding = 4; lastKnownFileType = text.html; path = functions_0x77.html; sourceTree = "<group>"; };
		6A2DAE921D1C10C00003A481 /* functions_0x78.html */ = {isa = PBXFileReference; fileEncoding = 4; lastKnownFileType = text.html; path = functions_0x78.html; sourceTree = "<group>"; };
		6A2DAE931D1C10C00003A481 /* functions_0x79.html */ = {isa = PBXFileReference; fileEncoding = 4; lastKnownFileType = text.html; path = functions_0x79.html; sourceTree = "<group>"; };
		6A2DAE941D1C10C00003A481 /* functions_0x7a.html */ = {isa = PBXFileReference; fileEncoding = 4; lastKnownFileType = text.html; path = functions_0x7a.html; sourceTree = "<group>"; };
		6A2DAE951D1C10C00003A481 /* functions_0x7e.html */ = {isa = PBXFileReference; fileEncoding = 4; lastKnownFileType = text.html; path = functions_0x7e.html; sourceTree = "<group>"; };
		6A2DAE961D1C10C00003A481 /* functions_func.html */ = {isa = PBXFileReference; fileEncoding = 4; lastKnownFileType = text.html; path = functions_func.html; sourceTree = "<group>"; };
		6A2DAE971D1C10C00003A481 /* functions_func_0x63.html */ = {isa = PBXFileReference; fileEncoding = 4; lastKnownFileType = text.html; path = functions_func_0x63.html; sourceTree = "<group>"; };
		6A2DAE981D1C10C00003A481 /* functions_func_0x64.html */ = {isa = PBXFileReference; fileEncoding = 4; lastKnownFileType = text.html; path = functions_func_0x64.html; sourceTree = "<group>"; };
		6A2DAE991D1C10C00003A481 /* functions_func_0x65.html */ = {isa = PBXFileReference; fileEncoding = 4; lastKnownFileType = text.html; path = functions_func_0x65.html; sourceTree = "<group>"; };
		6A2DAE9A1D1C10C00003A481 /* functions_func_0x67.html */ = {isa = PBXFileReference; fileEncoding = 4; lastKnownFileType = text.html; path = functions_func_0x67.html; sourceTree = "<group>"; };
		6A2DAE9B1D1C10C00003A481 /* functions_func_0x69.html */ = {isa = PBXFileReference; fileEncoding = 4; lastKnownFileType = text.html; path = functions_func_0x69.html; sourceTree = "<group>"; };
		6A2DAE9C1D1C10C00003A481 /* functions_func_0x6c.html */ = {isa = PBXFileReference; fileEncoding = 4; lastKnownFileType = text.html; path = functions_func_0x6c.html; sourceTree = "<group>"; };
		6A2DAE9D1D1C10C00003A481 /* functions_func_0x6d.html */ = {isa = PBXFileReference; fileEncoding = 4; lastKnownFileType = text.html; path = functions_func_0x6d.html; sourceTree = "<group>"; };
		6A2DAE9E1D1C10C00003A481 /* functions_func_0x6e.html */ = {isa = PBXFileReference; fileEncoding = 4; lastKnownFileType = text.html; path = functions_func_0x6e.html; sourceTree = "<group>"; };
		6A2DAE9F1D1C10C00003A481 /* functions_func_0x6f.html */ = {isa = PBXFileReference; fileEncoding = 4; lastKnownFileType = text.html; path = functions_func_0x6f.html; sourceTree = "<group>"; };
		6A2DAEA01D1C10C00003A481 /* functions_func_0x70.html */ = {isa = PBXFileReference; fileEncoding = 4; lastKnownFileType = text.html; path = functions_func_0x70.html; sourceTree = "<group>"; };
		6A2DAEA11D1C10C00003A481 /* functions_func_0x71.html */ = {isa = PBXFileReference; fileEncoding = 4; lastKnownFileType = text.html; path = functions_func_0x71.html; sourceTree = "<group>"; };
		6A2DAEA21D1C10C00003A481 /* functions_func_0x72.html */ = {isa = PBXFileReference; fileEncoding = 4; lastKnownFileType = text.html; path = functions_func_0x72.html; sourceTree = "<group>"; };
		6A2DAEA31D1C10C00003A481 /* functions_func_0x73.html */ = {isa = PBXFileReference; fileEncoding = 4; lastKnownFileType = text.html; path = functions_func_0x73.html; sourceTree = "<group>"; };
		6A2DAEA41D1C10C00003A481 /* functions_func_0x74.html */ = {isa = PBXFileReference; fileEncoding = 4; lastKnownFileType = text.html; path = functions_func_0x74.html; sourceTree = "<group>"; };
		6A2DAEA51D1C10C00003A481 /* functions_func_0x76.html */ = {isa = PBXFileReference; fileEncoding = 4; lastKnownFileType = text.html; path = functions_func_0x76.html; sourceTree = "<group>"; };
		6A2DAEA61D1C10C00003A481 /* functions_func_0x77.html */ = {isa = PBXFileReference; fileEncoding = 4; lastKnownFileType = text.html; path = functions_func_0x77.html; sourceTree = "<group>"; };
		6A2DAEA71D1C10C00003A481 /* functions_func_0x78.html */ = {isa = PBXFileReference; fileEncoding = 4; lastKnownFileType = text.html; path = functions_func_0x78.html; sourceTree = "<group>"; };
		6A2DAEA81D1C10C00003A481 /* functions_func_0x79.html */ = {isa = PBXFileReference; fileEncoding = 4; lastKnownFileType = text.html; path = functions_func_0x79.html; sourceTree = "<group>"; };
		6A2DAEA91D1C10C00003A481 /* functions_func_0x7a.html */ = {isa = PBXFileReference; fileEncoding = 4; lastKnownFileType = text.html; path = functions_func_0x7a.html; sourceTree = "<group>"; };
		6A2DAEAA1D1C10C00003A481 /* functions_func_0x7e.html */ = {isa = PBXFileReference; fileEncoding = 4; lastKnownFileType = text.html; path = functions_func_0x7e.html; sourceTree = "<group>"; };
		6A2DAEAB1D1C10C00003A481 /* functions_rela.html */ = {isa = PBXFileReference; fileEncoding = 4; lastKnownFileType = text.html; path = functions_rela.html; sourceTree = "<group>"; };
		6A2DAEAC1D1C10C00003A481 /* globals.html */ = {isa = PBXFileReference; fileEncoding = 4; lastKnownFileType = text.html; path = globals.html; sourceTree = "<group>"; };
		6A2DAEAD1D1C10C00003A481 /* globals_defs.html */ = {isa = PBXFileReference; fileEncoding = 4; lastKnownFileType = text.html; path = globals_defs.html; sourceTree = "<group>"; };
		6A2DAEAE1D1C10C00003A481 /* gtl_8hpp-source.html */ = {isa = PBXFileReference; fileEncoding = 4; lastKnownFileType = text.html; path = "gtl_8hpp-source.html"; sourceTree = "<group>"; };
		6A2DAEAF1D1C10C00003A481 /* gtl_8hpp.html */ = {isa = PBXFileReference; fileEncoding = 4; lastKnownFileType = text.html; path = gtl_8hpp.html; sourceTree = "<group>"; };
		6A2DAEB01D1C10C00003A481 /* hierarchy.html */ = {isa = PBXFileReference; fileEncoding = 4; lastKnownFileType = text.html; path = hierarchy.html; sourceTree = "<group>"; };
		6A2DAEB11D1C10C00003A481 /* index.html */ = {isa = PBXFileReference; fileEncoding = 4; lastKnownFileType = text.html; path = index.html; sourceTree = "<group>"; };
		6A2DAEB21D1C10C00003A481 /* logo.jpg */ = {isa = PBXFileReference; lastKnownFileType = image.jpeg; path = logo.jpg; sourceTree = "<group>"; };
		6A2DAEB31D1C10C00003A481 /* main.html */ = {isa = PBXFileReference; fileEncoding = 4; lastKnownFileType = text.html; path = main.html; sourceTree = "<group>"; };
		6A2DAEB41D1C10C00003A481 /* mainpage_8dox.html */ = {isa = PBXFileReference; fileEncoding = 4; lastKnownFileType = text.html; path = mainpage_8dox.html; sourceTree = "<group>"; };
		6A2DAEB51D1C10C00003A481 /* matrix3_8hpp-source.html */ = {isa = PBXFileReference; fileEncoding = 4; lastKnownFileType = text.html; path = "matrix3_8hpp-source.html"; sourceTree = "<group>"; };
		6A2DAEB61D1C10C00003A481 /* matrix3_8hpp.html */ = {isa = PBXFileReference; fileEncoding = 4; lastKnownFileType = text.html; path = matrix3_8hpp.html; sourceTree = "<group>"; };
		6A2DAEB71D1C10C00003A481 /* matrix4_8hpp-source.html */ = {isa = PBXFileReference; fileEncoding = 4; lastKnownFileType = text.html; path = "matrix4_8hpp-source.html"; sourceTree = "<group>"; };
		6A2DAEB81D1C10C00003A481 /* matrix4_8hpp.html */ = {isa = PBXFileReference; fileEncoding = 4; lastKnownFileType = text.html; path = matrix4_8hpp.html; sourceTree = "<group>"; };
		6A2DAEB91D1C10C00003A481 /* namespacegeo.html */ = {isa = PBXFileReference; fileEncoding = 4; lastKnownFileType = text.html; path = namespacegeo.html; sourceTree = "<group>"; };
		6A2DAEBA1D1C10C00003A481 /* namespacegtl.html */ = {isa = PBXFileReference; fileEncoding = 4; lastKnownFileType = text.html; path = namespacegtl.html; sourceTree = "<group>"; };
		6A2DAEBB1D1C10C00003A481 /* namespacemembers.html */ = {isa = PBXFileReference; fileEncoding = 4; lastKnownFileType = text.html; path = namespacemembers.html; sourceTree = "<group>"; };
		6A2DAEBC1D1C10C00003A481 /* namespacemembers_func.html */ = {isa = PBXFileReference; fileEncoding = 4; lastKnownFileType = text.html; path = namespacemembers_func.html; sourceTree = "<group>"; };
		6A2DAEBD1D1C10C00003A481 /* namespacemembers_type.html */ = {isa = PBXFileReference; fileEncoding = 4; lastKnownFileType = text.html; path = namespacemembers_type.html; sourceTree = "<group>"; };
		6A2DAEBE1D1C10C00003A481 /* namespaces.html */ = {isa = PBXFileReference; fileEncoding = 4; lastKnownFileType = text.html; path = namespaces.html; sourceTree = "<group>"; };
		6A2DAEBF1D1C10C00003A481 /* plane_8hpp-source.html */ = {isa = PBXFileReference; fileEncoding = 4; lastKnownFileType = text.html; path = "plane_8hpp-source.html"; sourceTree = "<group>"; };
		6A2DAEC01D1C10C00003A481 /* plane_8hpp.html */ = {isa = PBXFileReference; fileEncoding = 4; lastKnownFileType = text.html; path = plane_8hpp.html; sourceTree = "<group>"; };
		6A2DAEC11D1C10C00003A481 /* quat_8hpp-source.html */ = {isa = PBXFileReference; fileEncoding = 4; lastKnownFileType = text.html; path = "quat_8hpp-source.html"; sourceTree = "<group>"; };
		6A2DAEC21D1C10C00003A481 /* quat_8hpp.html */ = {isa = PBXFileReference; fileEncoding = 4; lastKnownFileType = text.html; path = quat_8hpp.html; sourceTree = "<group>"; };
		6A2DAEC31D1C10C00003A481 /* ray_8hpp-source.html */ = {isa = PBXFileReference; fileEncoding = 4; lastKnownFileType = text.html; path = "ray_8hpp-source.html"; sourceTree = "<group>"; };
		6A2DAEC41D1C10C00003A481 /* ray_8hpp.html */ = {isa = PBXFileReference; fileEncoding = 4; lastKnownFileType = text.html; path = ray_8hpp.html; sourceTree = "<group>"; };
		6A2DAEC51D1C10C00003A481 /* sphere_8hpp-source.html */ = {isa = PBXFileReference; fileEncoding = 4; lastKnownFileType = text.html; path = "sphere_8hpp-source.html"; sourceTree = "<group>"; };
		6A2DAEC61D1C10C00003A481 /* sphere_8hpp.html */ = {isa = PBXFileReference; fileEncoding = 4; lastKnownFileType = text.html; path = sphere_8hpp.html; sourceTree = "<group>"; };
		6A2DAEC71D1C10C00003A481 /* tab_b.gif */ = {isa = PBXFileReference; lastKnownFileType = image.gif; path = tab_b.gif; sourceTree = "<group>"; };
		6A2DAEC81D1C10C00003A481 /* tab_l.gif */ = {isa = PBXFileReference; lastKnownFileType = image.gif; path = tab_l.gif; sourceTree = "<group>"; };
		6A2DAEC91D1C10C00003A481 /* tab_r.gif */ = {isa = PBXFileReference; lastKnownFileType = image.gif; path = tab_r.gif; sourceTree = "<group>"; };
		6A2DAECA1D1C10C00003A481 /* tabs.css */ = {isa = PBXFileReference; fileEncoding = 4; lastKnownFileType = text.css; path = tabs.css; sourceTree = "<group>"; };
		6A2DAECB1D1C10C00003A481 /* tree.html */ = {isa = PBXFileReference; fileEncoding = 4; lastKnownFileType = text.html; path = tree.html; sourceTree = "<group>"; };
		6A2DAECC1D1C10C00003A481 /* vec2_8hpp-source.html */ = {isa = PBXFileReference; fileEncoding = 4; lastKnownFileType = text.html; path = "vec2_8hpp-source.html"; sourceTree = "<group>"; };
		6A2DAECD1D1C10C00003A481 /* vec2_8hpp.html */ = {isa = PBXFileReference; fileEncoding = 4; lastKnownFileType = text.html; path = vec2_8hpp.html; sourceTree = "<group>"; };
		6A2DAECE1D1C10C00003A481 /* vec3_8hpp-source.html */ = {isa = PBXFileReference; fileEncoding = 4; lastKnownFileType = text.html; path = "vec3_8hpp-source.html"; sourceTree = "<group>"; };
		6A2DAECF1D1C10C00003A481 /* vec3_8hpp.html */ = {isa = PBXFileReference; fileEncoding = 4; lastKnownFileType = text.html; path = vec3_8hpp.html; sourceTree = "<group>"; };
		6A2DAED01D1C10C00003A481 /* vec4_8hpp-source.html */ = {isa = PBXFileReference; fileEncoding = 4; lastKnownFileType = text.html; path = "vec4_8hpp-source.html"; sourceTree = "<group>"; };
		6A2DAED11D1C10C00003A481 /* vec4_8hpp.html */ = {isa = PBXFileReference; fileEncoding = 4; lastKnownFileType = text.html; path = vec4_8hpp.html; sourceTree = "<group>"; };
		6A2DAED21D1C10C00003A481 /* xfbox3_8hpp-source.html */ = {isa = PBXFileReference; fileEncoding = 4; lastKnownFileType = text.html; path = "xfbox3_8hpp-source.html"; sourceTree = "<group>"; };
		6A2DAED31D1C10C00003A481 /* xfbox3_8hpp.html */ = {isa = PBXFileReference; fileEncoding = 4; lastKnownFileType = text.html; path = xfbox3_8hpp.html; sourceTree = "<group>"; };
		6A2DAED41D1C10C00003A481 /* logo.jpg */ = {isa = PBXFileReference; lastKnownFileType = image.jpeg; path = logo.jpg; sourceTree = "<group>"; };
		6A2DAED51D1C10C00003A481 /* Logo.pdf */ = {isa = PBXFileReference; lastKnownFileType = image.pdf; path = Logo.pdf; sourceTree = "<group>"; };
		6A2DAED81D1C10C00003A481 /* box2.hpp */ = {isa = PBXFileReference; fileEncoding = 4; lastKnownFileType = sourcecode.cpp.h; path = box2.hpp; sourceTree = "<group>"; };
		6A2DAED91D1C10C00003A481 /* box3.hpp */ = {isa = PBXFileReference; fileEncoding = 4; lastKnownFileType = sourcecode.cpp.h; path = box3.hpp; sourceTree = "<group>"; };
		6A2DAEDA1D1C10C00003A481 /* circle.hpp */ = {isa = PBXFileReference; fileEncoding = 4; lastKnownFileType = sourcecode.cpp.h; path = circle.hpp; sourceTree = "<group>"; };
		6A2DAEDB1D1C10C00003A481 /* complex.hpp */ = {isa = PBXFileReference; fileEncoding = 4; lastKnownFileType = sourcecode.cpp.h; path = complex.hpp; sourceTree = "<group>"; };
		6A2DAEDC1D1C10C00003A481 /* gtl.hpp */ = {isa = PBXFileReference; fileEncoding = 4; lastKnownFileType = sourcecode.cpp.h; path = gtl.hpp; sourceTree = "<group>"; };
		6A2DAEDD1D1C10C00003A481 /* matrix3.hpp */ = {isa = PBXFileReference; fileEncoding = 4; lastKnownFileType = sourcecode.cpp.h; path = matrix3.hpp; sourceTree = "<group>"; };
		6A2DAEDE1D1C10C00003A481 /* matrix4.hpp */ = {isa = PBXFileReference; fileEncoding = 4; lastKnownFileType = sourcecode.cpp.h; path = matrix4.hpp; sourceTree = "<group>"; };
		6A2DAEDF1D1C10C00003A481 /* plane.hpp */ = {isa = PBXFileReference; fileEncoding = 4; lastKnownFileType = sourcecode.cpp.h; path = plane.hpp; sourceTree = "<group>"; };
		6A2DAEE01D1C10C00003A481 /* quat.hpp */ = {isa = PBXFileReference; fileEncoding = 4; lastKnownFileType = sourcecode.cpp.h; path = quat.hpp; sourceTree = "<group>"; };
		6A2DAEE11D1C10C00003A481 /* ray.hpp */ = {isa = PBXFileReference; fileEncoding = 4; lastKnownFileType = sourcecode.cpp.h; path = ray.hpp; sourceTree = "<group>"; };
		6A2DAEE21D1C10C00003A481 /* sphere.hpp */ = {isa = PBXFileReference; fileEncoding = 4; lastKnownFileType = sourcecode.cpp.h; path = sphere.hpp; sourceTree = "<group>"; };
		6A2DAEE31D1C10C00003A481 /* vec2.hpp */ = {isa = PBXFileReference; fileEncoding = 4; lastKnownFileType = sourcecode.cpp.h; path = vec2.hpp; sourceTree = "<group>"; };
		6A2DAEE41D1C10C00003A481 /* vec3.hpp */ = {isa = PBXFileReference; fileEncoding = 4; lastKnownFileType = sourcecode.cpp.h; path = vec3.hpp; sourceTree = "<group>"; };
		6A2DAEE51D1C10C00003A481 /* vec4.hpp */ = {isa = PBXFileReference; fileEncoding = 4; lastKnownFileType = sourcecode.cpp.h; path = vec4.hpp; sourceTree = "<group>"; };
		6A2DAEE61D1C10C00003A481 /* xfbox3.hpp */ = {isa = PBXFileReference; fileEncoding = 4; lastKnownFileType = sourcecode.cpp.h; path = xfbox3.hpp; sourceTree = "<group>"; };
		6A3B60E81C86D68A00FD7A31 /* MSSCCPRJ.SCC */ = {isa = PBXFileReference; fileEncoding = 4; lastKnownFileType = text; path = MSSCCPRJ.SCC; sourceTree = "<group>"; };
		6A3B60E91C86D68A00FD7A31 /* tinystr.h */ = {isa = PBXFileReference; fileEncoding = 4; lastKnownFileType = sourcecode.c.h; path = tinystr.h; sourceTree = "<group>"; };
		6A3B60EA1C86D68A00FD7A31 /* tinyxml.h */ = {isa = PBXFileReference; fileEncoding = 4; lastKnownFileType = sourcecode.c.h; path = tinyxml.h; sourceTree = "<group>"; };
		6A3B60EC1C86D68A00FD7A31 /* CMakeLists.txt */ = {isa = PBXFileReference; fileEncoding = 4; lastKnownFileType = text; path = CMakeLists.txt; sourceTree = "<group>"; };
		6A3B60ED1C86D68A00FD7A31 /* MSSCCPRJ.SCC */ = {isa = PBXFileReference; fileEncoding = 4; lastKnownFileType = text; path = MSSCCPRJ.SCC; sourceTree = "<group>"; };
		6A3B60EE1C86D68A00FD7A31 /* tinystr.cpp */ = {isa = PBXFileReference; fileEncoding = 4; lastKnownFileType = sourcecode.cpp.cpp; path = tinystr.cpp; sourceTree = "<group>"; };
		6A3B60EF1C86D68A00FD7A31 /* tinyxml.cpp */ = {isa = PBXFileReference; fileEncoding = 4; lastKnownFileType = sourcecode.cpp.cpp; path = tinyxml.cpp; sourceTree = "<group>"; };
		6A3B60F01C86D68A00FD7A31 /* tinyxmlerror.cpp */ = {isa = PBXFileReference; fileEncoding = 4; lastKnownFileType = sourcecode.cpp.cpp; path = tinyxmlerror.cpp; sourceTree = "<group>"; };
		6A3B60F11C86D68A00FD7A31 /* tinyxmlparser.cpp */ = {isa = PBXFileReference; fileEncoding = 4; lastKnownFileType = sourcecode.cpp.cpp; path = tinyxmlparser.cpp; sourceTree = "<group>"; };
		6A70228C1CACF83700817D59 /* templateTest.cpp */ = {isa = PBXFileReference; fileEncoding = 4; lastKnownFileType = sourcecode.cpp.cpp; path = templateTest.cpp; sourceTree = SOURCE_ROOT; };
		6A721DC41CD9F4BE008F666C /* 2dPolylineTest.cpp */ = {isa = PBXFileReference; fileEncoding = 4; lastKnownFileType = sourcecode.cpp.cpp; name = 2dPolylineTest.cpp; path = XCodeCppTest.xcodeproj/../2dPolylineTest.cpp; sourceTree = SOURCE_ROOT; };
		6A73048C1F47053F003A86E6 /* test0.cpp */ = {isa = PBXFileReference; fileEncoding = 4; lastKnownFileType = sourcecode.cpp.cpp; path = test0.cpp; sourceTree = "<group>"; };
		6A733A901CC0993400B55C5D /* utf8-unicode.cpp */ = {isa = PBXFileReference; fileEncoding = 4; lastKnownFileType = sourcecode.cpp.cpp; path = "utf8-unicode.cpp"; sourceTree = SOURCE_ROOT; };
		6A76AF971CCEFF7A0048AD43 /* memfuncpointer.cpp */ = {isa = PBXFileReference; fileEncoding = 4; lastKnownFileType = sourcecode.cpp.cpp; path = memfuncpointer.cpp; sourceTree = SOURCE_ROOT; };
		6A76AF991CCF00F70048AD43 /* test.cpp */ = {isa = PBXFileReference; fileEncoding = 4; lastKnownFileType = sourcecode.cpp.cpp; path = test.cpp; sourceTree = "<group>"; };
		6A7FAA7B1C1E745A007DBB6A /* rapidjson */ = {isa = PBXFileReference; lastKnownFileType = folder; path = rapidjson; sourceTree = "<group>"; };
		6A89E2B91C7BF9B6006CE56A /* triangleTest.cpp */ = {isa = PBXFileReference; fileEncoding = 4; lastKnownFileType = sourcecode.cpp.cpp; name = triangleTest.cpp; path = XCodeCppTest.xcodeproj/../triangleTest.cpp; sourceTree = SOURCE_ROOT; };
		6A89E2BB1C7BFA1A006CE56A /* gpcTest.cpp */ = {isa = PBXFileReference; fileEncoding = 4; lastKnownFileType = sourcecode.cpp.cpp; name = gpcTest.cpp; path = XCodeCppTest.xcodeproj/../gpcTest.cpp; sourceTree = SOURCE_ROOT; };
		6A91D7A01C992A0800AFDEF7 /* singleton.cpp */ = {isa = PBXFileReference; fileEncoding = 4; lastKnownFileType = sourcecode.cpp.cpp; name = singleton.cpp; path = XCodeCppTest.xcodeproj/../singleton.cpp; sourceTree = SOURCE_ROOT; };
		6ACB10A11D13CD3D00F53C9E /* octreeTest.cpp */ = {isa = PBXFileReference; fileEncoding = 4; lastKnownFileType = sourcecode.cpp.cpp; name = octreeTest.cpp; path = XCodeCppTest.xcodeproj/../octreeTest.cpp; sourceTree = SOURCE_ROOT; };
		6ACB10AC1D13E73200F53C9E /* ConsoleTest */ = {isa = PBXFileReference; explicitFileType = "compiled.mach-o.executable"; includeInIndex = 0; path = ConsoleTest; sourceTree = BUILT_PRODUCTS_DIR; };
		6ACB10AE1D13E73200F53C9E /* memtest.cpp */ = {isa = PBXFileReference; lastKnownFileType = sourcecode.cpp.cpp; path = memtest.cpp; sourceTree = "<group>"; };
		6ACC45DB1C86D6FF00348904 /* xmlTest.cpp */ = {isa = PBXFileReference; fileEncoding = 4; lastKnownFileType = sourcecode.cpp.cpp; name = xmlTest.cpp; path = XCodeCppTest.xcodeproj/../xmlTest.cpp; sourceTree = SOURCE_ROOT; };
		6AE07A391C0BE22600563A09 /* XCodeCppTest */ = {isa = PBXFileReference; explicitFileType = "compiled.mach-o.executable"; includeInIndex = 0; path = XCodeCppTest; sourceTree = BUILT_PRODUCTS_DIR; };
		6AE07A3C1C0BE22600563A09 /* jsonTest.cpp */ = {isa = PBXFileReference; lastKnownFileType = sourcecode.cpp.cpp; path = jsonTest.cpp; sourceTree = "<group>"; };
		6AE9A3E71CD9E5F200BE20C5 /* polyline.cpp */ = {isa = PBXFileReference; fileEncoding = 4; lastKnownFileType = sourcecode.cpp.cpp; name = polyline.cpp; path = polyline/polyline.cpp; sourceTree = "<group>"; };
		6AE9A3E91CD9E6F900BE20C5 /* point.h */ = {isa = PBXFileReference; fileEncoding = 4; lastKnownFileType = sourcecode.c.h; name = point.h; path = polyline/point.h; sourceTree = "<group>"; };
		6AE9A3EB1CD9E6F900BE20C5 /* vaser.h */ = {isa = PBXFileReference; fileEncoding = 4; lastKnownFileType = sourcecode.c.h; name = vaser.h; path = polyline/vaser.h; sourceTree = "<group>"; };
		6AE9A3ED1CD9E96F00BE20C5 /* vertex_array_holder.h */ = {isa = PBXFileReference; lastKnownFileType = sourcecode.c.h; name = vertex_array_holder.h; path = polyline/vertex_array_holder.h; sourceTree = "<group>"; };
		6AF362AD1D0FFCA6002ECEBA /* lokiTest.cpp */ = {isa = PBXFileReference; fileEncoding = 4; lastKnownFileType = sourcecode.cpp.cpp; name = lokiTest.cpp; path = XCodeCppTest.xcodeproj/../lokiTest.cpp; sourceTree = SOURCE_ROOT; };
/* End PBXFileReference section */

/* Begin PBXFrameworksBuildPhase section */
		6ACB10A91D13E73200F53C9E /* Frameworks */ = {
			isa = PBXFrameworksBuildPhase;
			buildActionMask = 2147483647;
			files = (
			);
			runOnlyForDeploymentPostprocessing = 0;
		};
		6AE07A361C0BE22600563A09 /* Frameworks */ = {
			isa = PBXFrameworksBuildPhase;
			buildActionMask = 2147483647;
			files = (
				6AF362AF1D100346002ECEBA /* loki.framework in Frameworks */,
			);
			runOnlyForDeploymentPostprocessing = 0;
		};
/* End PBXFrameworksBuildPhase section */

/* Begin PBXGroup section */
		6A01C7501CEC0F0000B0857E /* polygontri */ = {
			isa = PBXGroup;
			children = (
				6A01C7511CEC0F0000B0857E /* construct.c */,
				6A01C7531CEC0F0000B0857E /* data_1 */,
				6A01C7541CEC0F0000B0857E /* interface.h */,
				6A01C7551CEC0F0000B0857E /* Makefile */,
				6A01C7561CEC0F0000B0857E /* misc.c */,
				6A01C7581CEC0F0000B0857E /* monotone.c */,
				6A01C75A1CEC0F0000B0857E /* README */,
				6A01C75B1CEC0F0000B0857E /* tri.c */,
				6A01C75E1CEC0F0000B0857E /* triangulate.h */,
			);
			path = polygontri;
			sourceTree = "<group>";
		};
		6A08B8501D3DC44C008CE764 /* dlmalloc */ = {
			isa = PBXGroup;
			children = (
				6A08B85B1D3DFE29008CE764 /* dlmamlloc.cpp */,
				6A08B85C1D3DFE29008CE764 /* dlmamlloc.h */,
			);
			name = dlmalloc;
			sourceTree = "<group>";
		};
		6A08B8511D3DC45E008CE764 /* nedmalloc */ = {
			isa = PBXGroup;
			children = (
				6A08B8571D3DFE1B008CE764 /* malloc.c.h */,
				6A08B8581D3DFE1B008CE764 /* nedmalloc.c */,
				6A08B8591D3DFE1B008CE764 /* nedmalloc.h */,
			);
			name = nedmalloc;
			sourceTree = "<group>";
		};
		6A08B8561D3DFDBE008CE764 /* mempool */ = {
			isa = PBXGroup;
			children = (
				6A08B85E1D3DFF51008CE764 /* MemoryPool.h */,
				6A08B85F1D3DFF51008CE764 /* MemoryPool.tcc */,
			);
			name = mempool;
			sourceTree = "<group>";
		};
		6A08B8611D3E1101008CE764 /* MyClassDef */ = {
			isa = PBXGroup;
			children = (
				6A08B8701D3E1625008CE764 /* Include */,
				6A08B8681D3E1223008CE764 /* Src */,
			);
			name = MyClassDef;
			sourceTree = "<group>";
		};
		6A08B8681D3E1223008CE764 /* Src */ = {
			isa = PBXGroup;
			children = (
				6A08B8711D3E1639008CE764 /* Mem */,
			);
			name = Src;
			path = MyClassDef/Memory;
			sourceTree = "<group>";
		};
		6A08B8701D3E1625008CE764 /* Include */ = {
			isa = PBXGroup;
			children = (
				6A08B86C1D3E1616008CE764 /* Interface.h */,
				6A08B8741D3E1751008CE764 /* MemAllocConfig.h */,
				6A08B87A1D3E1B26008CE764 /* AllocatedObject.h */,
				6A08B86D1D3E1616008CE764 /* NedPoolingPolicy.h */,
			);
			name = Include;
			sourceTree = "<group>";
		};
		6A08B8711D3E1639008CE764 /* Mem */ = {
			isa = PBXGroup;
			children = (
				6A08B87B1D3E1F21008CE764 /* NedPoolingPolicy.cpp */,
				6A08B8781D3E186F008CE764 /* AllocatedObject.cpp */,
			);
			name = Mem;
			sourceTree = "<group>";
		};
		6A253AD51D6C2F4D005B21A5 /* Template */ = {
			isa = PBXGroup;
			children = (
				6A253AD61D6C2F7F005B21A5 /* Template.cpp */,
				6A253AD71D6C2F7F005B21A5 /* Template.h */,
			);
			name = Template;
			sourceTree = "<group>";
		};
		6A2A18111D3CDC9600A7DE13 /* Mem */ = {
			isa = PBXGroup;
			children = (
				6A08B8561D3DFDBE008CE764 /* mempool */,
				6A08B8511D3DC45E008CE764 /* nedmalloc */,
				6A08B8501D3DC44C008CE764 /* dlmalloc */,
			);
			name = Mem;
			sourceTree = "<group>";
		};
		6A2DAE071D1C10C00003A481 /* geometry */ = {
			isa = PBXGroup;
			children = (
				6A2DAE081D1C10C00003A481 /* doc */,
				6A2DAED61D1C10C00003A481 /* include */,
			);
			path = geometry;
			sourceTree = "<group>";
		};
		6A2DAE081D1C10C00003A481 /* doc */ = {
			isa = PBXGroup;
			children = (
				6A2DAE091D1C10C00003A481 /* html */,
				6A2DAED41D1C10C00003A481 /* logo.jpg */,
				6A2DAED51D1C10C00003A481 /* Logo.pdf */,
			);
			path = doc;
			sourceTree = "<group>";
		};
		6A2DAE091D1C10C00003A481 /* html */ = {
			isa = PBXGroup;
			children = (
				6A2DAE0A1D1C10C00003A481 /* _box2_8hpp-source.html */,
				6A2DAE0B1D1C10C00003A481 /* _box2_8hpp.html */,
				6A2DAE0C1D1C10C00003A481 /* _box3_8hpp-source.html */,
				6A2DAE0D1D1C10C00003A481 /* _box3_8hpp.html */,
				6A2DAE0E1D1C10C00003A481 /* _circle2_8hpp-source.html */,
				6A2DAE0F1D1C10C00003A481 /* _circle2_8hpp.html */,
				6A2DAE101D1C10C00003A481 /* _complex_8hpp-source.html */,
				6A2DAE111D1C10C00003A481 /* _complex_8hpp.html */,
				6A2DAE121D1C10C00003A481 /* _geometry_8hpp-source.html */,
				6A2DAE131D1C10C00003A481 /* _geometry_8hpp.html */,
				6A2DAE141D1C10C00003A481 /* _matrix3_8hpp-source.html */,
				6A2DAE151D1C10C00003A481 /* _matrix3_8hpp.html */,
				6A2DAE161D1C10C00003A481 /* _matrix4_8hpp-source.html */,
				6A2DAE171D1C10C00003A481 /* _matrix4_8hpp.html */,
				6A2DAE181D1C10C00003A481 /* _plane_8hpp-source.html */,
				6A2DAE191D1C10C00003A481 /* _plane_8hpp.html */,
				6A2DAE1A1D1C10C00003A481 /* _quat_8hpp-source.html */,
				6A2DAE1B1D1C10C00003A481 /* _quat_8hpp.html */,
				6A2DAE1C1D1C10C00003A481 /* _ray_8hpp-source.html */,
				6A2DAE1D1D1C10C00003A481 /* _ray_8hpp.html */,
				6A2DAE1E1D1C10C00003A481 /* _sphere_8hpp-source.html */,
				6A2DAE1F1D1C10C00003A481 /* _sphere_8hpp.html */,
				6A2DAE201D1C10C00003A481 /* _vec2_8hpp-source.html */,
				6A2DAE211D1C10C00003A481 /* _vec2_8hpp.html */,
				6A2DAE221D1C10C00003A481 /* _vec3_8hpp-source.html */,
				6A2DAE231D1C10C00003A481 /* _vec3_8hpp.html */,
				6A2DAE241D1C10C00003A481 /* _vec4_8hpp-source.html */,
				6A2DAE251D1C10C00003A481 /* _vec4_8hpp.html */,
				6A2DAE261D1C10C00003A481 /* _xf_box3_8hpp-source.html */,
				6A2DAE271D1C10C00003A481 /* _xf_box3_8hpp.html */,
				6A2DAE281D1C10C00003A481 /* annotated.html */,
				6A2DAE291D1C10C00003A481 /* box2_8hpp-source.html */,
				6A2DAE2A1D1C10C00003A481 /* box2_8hpp.html */,
				6A2DAE2B1D1C10C00003A481 /* box3_8hpp-source.html */,
				6A2DAE2C1D1C10C00003A481 /* box3_8hpp.html */,
				6A2DAE2D1D1C10C00003A481 /* circle_8hpp-source.html */,
				6A2DAE2E1D1C10C00003A481 /* circle_8hpp.html */,
				6A2DAE2F1D1C10C00003A481 /* classes.html */,
				6A2DAE301D1C10C00003A481 /* classgeo_1_1_box2-members.html */,
				6A2DAE311D1C10C00003A481 /* classgeo_1_1_box2.html */,
				6A2DAE321D1C10C00003A481 /* classgeo_1_1_box3-members.html */,
				6A2DAE331D1C10C00003A481 /* classgeo_1_1_box3.html */,
				6A2DAE341D1C10C00003A481 /* classgeo_1_1_box3.png */,
				6A2DAE351D1C10C00003A481 /* classgeo_1_1_circle2-members.html */,
				6A2DAE361D1C10C00003A481 /* classgeo_1_1_circle2.html */,
				6A2DAE371D1C10C00003A481 /* classgeo_1_1_complex-members.html */,
				6A2DAE381D1C10C00003A481 /* classgeo_1_1_complex.html */,
				6A2DAE391D1C10C00003A481 /* classgeo_1_1_matrix3-members.html */,
				6A2DAE3A1D1C10C00003A481 /* classgeo_1_1_matrix3.html */,
				6A2DAE3B1D1C10C00003A481 /* classgeo_1_1_matrix4-members.html */,
				6A2DAE3C1D1C10C00003A481 /* classgeo_1_1_matrix4.html */,
				6A2DAE3D1D1C10C00003A481 /* classgeo_1_1_plane-members.html */,
				6A2DAE3E1D1C10C00003A481 /* classgeo_1_1_plane.html */,
				6A2DAE3F1D1C10C00003A481 /* classgeo_1_1_quat-members.html */,
				6A2DAE401D1C10C00003A481 /* classgeo_1_1_quat.html */,
				6A2DAE411D1C10C00003A481 /* classgeo_1_1_ray-members.html */,
				6A2DAE421D1C10C00003A481 /* classgeo_1_1_ray.html */,
				6A2DAE431D1C10C00003A481 /* classgeo_1_1_sphere-members.html */,
				6A2DAE441D1C10C00003A481 /* classgeo_1_1_sphere.html */,
				6A2DAE451D1C10C00003A481 /* classgeo_1_1_vec2-members.html */,
				6A2DAE461D1C10C00003A481 /* classgeo_1_1_vec2.html */,
				6A2DAE471D1C10C00003A481 /* classgeo_1_1_vec3-members.html */,
				6A2DAE481D1C10C00003A481 /* classgeo_1_1_vec3.html */,
				6A2DAE491D1C10C00003A481 /* classgeo_1_1_vec4-members.html */,
				6A2DAE4A1D1C10C00003A481 /* classgeo_1_1_vec4.html */,
				6A2DAE4B1D1C10C00003A481 /* classgeo_1_1_xf_box3-members.html */,
				6A2DAE4C1D1C10C00003A481 /* classgeo_1_1_xf_box3.html */,
				6A2DAE4D1D1C10C00003A481 /* classgeo_1_1_xf_box3.png */,
				6A2DAE4E1D1C10C00003A481 /* classgtl_1_1_box2-members.html */,
				6A2DAE4F1D1C10C00003A481 /* classgtl_1_1_box2.html */,
				6A2DAE501D1C10C00003A481 /* classgtl_1_1_box3-members.html */,
				6A2DAE511D1C10C00003A481 /* classgtl_1_1_box3.html */,
				6A2DAE521D1C10C00003A481 /* classgtl_1_1_box3.png */,
				6A2DAE531D1C10C00003A481 /* classgtl_1_1_circle-members.html */,
				6A2DAE541D1C10C00003A481 /* classgtl_1_1_circle.html */,
				6A2DAE551D1C10C00003A481 /* classgtl_1_1_complex-members.html */,
				6A2DAE561D1C10C00003A481 /* classgtl_1_1_complex.html */,
				6A2DAE571D1C10C00003A481 /* classgtl_1_1_matrix3-members.html */,
				6A2DAE581D1C10C00003A481 /* classgtl_1_1_matrix3.html */,
				6A2DAE591D1C10C00003A481 /* classgtl_1_1_matrix4-members.html */,
				6A2DAE5A1D1C10C00003A481 /* classgtl_1_1_matrix4.html */,
				6A2DAE5B1D1C10C00003A481 /* classgtl_1_1_plane-members.html */,
				6A2DAE5C1D1C10C00003A481 /* classgtl_1_1_plane.html */,
				6A2DAE5D1D1C10C00003A481 /* classgtl_1_1_quat-members.html */,
				6A2DAE5E1D1C10C00003A481 /* classgtl_1_1_quat.html */,
				6A2DAE5F1D1C10C00003A481 /* classgtl_1_1_ray-members.html */,
				6A2DAE601D1C10C00003A481 /* classgtl_1_1_ray.html */,
				6A2DAE611D1C10C00003A481 /* classgtl_1_1_sphere-members.html */,
				6A2DAE621D1C10C00003A481 /* classgtl_1_1_sphere.html */,
				6A2DAE631D1C10C00003A481 /* classgtl_1_1_vec2-members.html */,
				6A2DAE641D1C10C00003A481 /* classgtl_1_1_vec2.html */,
				6A2DAE651D1C10C00003A481 /* classgtl_1_1_vec3-members.html */,
				6A2DAE661D1C10C00003A481 /* classgtl_1_1_vec3.html */,
				6A2DAE671D1C10C00003A481 /* classgtl_1_1_vec4-members.html */,
				6A2DAE681D1C10C00003A481 /* classgtl_1_1_vec4.html */,
				6A2DAE691D1C10C00003A481 /* classgtl_1_1_xf_box3-members.html */,
				6A2DAE6A1D1C10C00003A481 /* classgtl_1_1_xf_box3.html */,
				6A2DAE6B1D1C10C00003A481 /* classgtl_1_1_xf_box3.png */,
				6A2DAE6C1D1C10C00003A481 /* complex_8hpp-source.html */,
				6A2DAE6D1D1C10C00003A481 /* complex_8hpp.html */,
				6A2DAE6E1D1C10C00003A481 /* dir_562e9cdbb79a04f05979e49e3df4343e.html */,
				6A2DAE6F1D1C10C00003A481 /* dir_8ae3cd1b06edf79ecf218b6aae448d00.html */,
				6A2DAE701D1C10C00003A481 /* dir_a0362990858c4ab15dab14bdb5d60c61.html */,
				6A2DAE711D1C10C00003A481 /* dirs.html */,
				6A2DAE721D1C10C00003A481 /* doxygen.css */,
				6A2DAE731D1C10C00003A481 /* doxygen.png */,
				6A2DAE741D1C10C00003A481 /* files.html */,
				6A2DAE751D1C10C00003A481 /* ftv2blank.png */,
				6A2DAE761D1C10C00003A481 /* ftv2doc.png */,
				6A2DAE771D1C10C00003A481 /* ftv2folderclosed.png */,
				6A2DAE781D1C10C00003A481 /* ftv2folderopen.png */,
				6A2DAE791D1C10C00003A481 /* ftv2lastnode.png */,
				6A2DAE7A1D1C10C00003A481 /* ftv2link.png */,
				6A2DAE7B1D1C10C00003A481 /* ftv2mlastnode.png */,
				6A2DAE7C1D1C10C00003A481 /* ftv2mnode.png */,
				6A2DAE7D1D1C10C00003A481 /* ftv2node.png */,
				6A2DAE7E1D1C10C00003A481 /* ftv2plastnode.png */,
				6A2DAE7F1D1C10C00003A481 /* ftv2pnode.png */,
				6A2DAE801D1C10C00003A481 /* ftv2vertline.png */,
				6A2DAE811D1C10C00003A481 /* functions.html */,
				6A2DAE821D1C10C00003A481 /* functions_0x63.html */,
				6A2DAE831D1C10C00003A481 /* functions_0x64.html */,
				6A2DAE841D1C10C00003A481 /* functions_0x65.html */,
				6A2DAE851D1C10C00003A481 /* functions_0x67.html */,
				6A2DAE861D1C10C00003A481 /* functions_0x69.html */,
				6A2DAE871D1C10C00003A481 /* functions_0x6c.html */,
				6A2DAE881D1C10C00003A481 /* functions_0x6d.html */,
				6A2DAE891D1C10C00003A481 /* functions_0x6e.html */,
				6A2DAE8A1D1C10C00003A481 /* functions_0x6f.html */,
				6A2DAE8B1D1C10C00003A481 /* functions_0x70.html */,
				6A2DAE8C1D1C10C00003A481 /* functions_0x71.html */,
				6A2DAE8D1D1C10C00003A481 /* functions_0x72.html */,
				6A2DAE8E1D1C10C00003A481 /* functions_0x73.html */,
				6A2DAE8F1D1C10C00003A481 /* functions_0x74.html */,
				6A2DAE901D1C10C00003A481 /* functions_0x76.html */,
				6A2DAE911D1C10C00003A481 /* functions_0x77.html */,
				6A2DAE921D1C10C00003A481 /* functions_0x78.html */,
				6A2DAE931D1C10C00003A481 /* functions_0x79.html */,
				6A2DAE941D1C10C00003A481 /* functions_0x7a.html */,
				6A2DAE951D1C10C00003A481 /* functions_0x7e.html */,
				6A2DAE961D1C10C00003A481 /* functions_func.html */,
				6A2DAE971D1C10C00003A481 /* functions_func_0x63.html */,
				6A2DAE981D1C10C00003A481 /* functions_func_0x64.html */,
				6A2DAE991D1C10C00003A481 /* functions_func_0x65.html */,
				6A2DAE9A1D1C10C00003A481 /* functions_func_0x67.html */,
				6A2DAE9B1D1C10C00003A481 /* functions_func_0x69.html */,
				6A2DAE9C1D1C10C00003A481 /* functions_func_0x6c.html */,
				6A2DAE9D1D1C10C00003A481 /* functions_func_0x6d.html */,
				6A2DAE9E1D1C10C00003A481 /* functions_func_0x6e.html */,
				6A2DAE9F1D1C10C00003A481 /* functions_func_0x6f.html */,
				6A2DAEA01D1C10C00003A481 /* functions_func_0x70.html */,
				6A2DAEA11D1C10C00003A481 /* functions_func_0x71.html */,
				6A2DAEA21D1C10C00003A481 /* functions_func_0x72.html */,
				6A2DAEA31D1C10C00003A481 /* functions_func_0x73.html */,
				6A2DAEA41D1C10C00003A481 /* functions_func_0x74.html */,
				6A2DAEA51D1C10C00003A481 /* functions_func_0x76.html */,
				6A2DAEA61D1C10C00003A481 /* functions_func_0x77.html */,
				6A2DAEA71D1C10C00003A481 /* functions_func_0x78.html */,
				6A2DAEA81D1C10C00003A481 /* functions_func_0x79.html */,
				6A2DAEA91D1C10C00003A481 /* functions_func_0x7a.html */,
				6A2DAEAA1D1C10C00003A481 /* functions_func_0x7e.html */,
				6A2DAEAB1D1C10C00003A481 /* functions_rela.html */,
				6A2DAEAC1D1C10C00003A481 /* globals.html */,
				6A2DAEAD1D1C10C00003A481 /* globals_defs.html */,
				6A2DAEAE1D1C10C00003A481 /* gtl_8hpp-source.html */,
				6A2DAEAF1D1C10C00003A481 /* gtl_8hpp.html */,
				6A2DAEB01D1C10C00003A481 /* hierarchy.html */,
				6A2DAEB11D1C10C00003A481 /* index.html */,
				6A2DAEB21D1C10C00003A481 /* logo.jpg */,
				6A2DAEB31D1C10C00003A481 /* main.html */,
				6A2DAEB41D1C10C00003A481 /* mainpage_8dox.html */,
				6A2DAEB51D1C10C00003A481 /* matrix3_8hpp-source.html */,
				6A2DAEB61D1C10C00003A481 /* matrix3_8hpp.html */,
				6A2DAEB71D1C10C00003A481 /* matrix4_8hpp-source.html */,
				6A2DAEB81D1C10C00003A481 /* matrix4_8hpp.html */,
				6A2DAEB91D1C10C00003A481 /* namespacegeo.html */,
				6A2DAEBA1D1C10C00003A481 /* namespacegtl.html */,
				6A2DAEBB1D1C10C00003A481 /* namespacemembers.html */,
				6A2DAEBC1D1C10C00003A481 /* namespacemembers_func.html */,
				6A2DAEBD1D1C10C00003A481 /* namespacemembers_type.html */,
				6A2DAEBE1D1C10C00003A481 /* namespaces.html */,
				6A2DAEBF1D1C10C00003A481 /* plane_8hpp-source.html */,
				6A2DAEC01D1C10C00003A481 /* plane_8hpp.html */,
				6A2DAEC11D1C10C00003A481 /* quat_8hpp-source.html */,
				6A2DAEC21D1C10C00003A481 /* quat_8hpp.html */,
				6A2DAEC31D1C10C00003A481 /* ray_8hpp-source.html */,
				6A2DAEC41D1C10C00003A481 /* ray_8hpp.html */,
				6A2DAEC51D1C10C00003A481 /* sphere_8hpp-source.html */,
				6A2DAEC61D1C10C00003A481 /* sphere_8hpp.html */,
				6A2DAEC71D1C10C00003A481 /* tab_b.gif */,
				6A2DAEC81D1C10C00003A481 /* tab_l.gif */,
				6A2DAEC91D1C10C00003A481 /* tab_r.gif */,
				6A2DAECA1D1C10C00003A481 /* tabs.css */,
				6A2DAECB1D1C10C00003A481 /* tree.html */,
				6A2DAECC1D1C10C00003A481 /* vec2_8hpp-source.html */,
				6A2DAECD1D1C10C00003A481 /* vec2_8hpp.html */,
				6A2DAECE1D1C10C00003A481 /* vec3_8hpp-source.html */,
				6A2DAECF1D1C10C00003A481 /* vec3_8hpp.html */,
				6A2DAED01D1C10C00003A481 /* vec4_8hpp-source.html */,
				6A2DAED11D1C10C00003A481 /* vec4_8hpp.html */,
				6A2DAED21D1C10C00003A481 /* xfbox3_8hpp-source.html */,
				6A2DAED31D1C10C00003A481 /* xfbox3_8hpp.html */,
			);
			path = html;
			sourceTree = "<group>";
		};
		6A2DAED61D1C10C00003A481 /* include */ = {
			isa = PBXGroup;
			children = (
				6A2DAED71D1C10C00003A481 /* gtl */,
			);
			path = include;
			sourceTree = "<group>";
		};
		6A2DAED71D1C10C00003A481 /* gtl */ = {
			isa = PBXGroup;
			children = (
				6A2DAED81D1C10C00003A481 /* box2.hpp */,
				6A2DAED91D1C10C00003A481 /* box3.hpp */,
				6A2DAEDA1D1C10C00003A481 /* circle.hpp */,
				6A2DAEDB1D1C10C00003A481 /* complex.hpp */,
				6A2DAEDC1D1C10C00003A481 /* gtl.hpp */,
				6A2DAEDD1D1C10C00003A481 /* matrix3.hpp */,
				6A2DAEDE1D1C10C00003A481 /* matrix4.hpp */,
				6A2DAEDF1D1C10C00003A481 /* plane.hpp */,
				6A2DAEE01D1C10C00003A481 /* quat.hpp */,
				6A2DAEE11D1C10C00003A481 /* ray.hpp */,
				6A2DAEE21D1C10C00003A481 /* sphere.hpp */,
				6A2DAEE31D1C10C00003A481 /* vec2.hpp */,
				6A2DAEE41D1C10C00003A481 /* vec3.hpp */,
				6A2DAEE51D1C10C00003A481 /* vec4.hpp */,
				6A2DAEE61D1C10C00003A481 /* xfbox3.hpp */,
			);
			path = gtl;
			sourceTree = "<group>";
		};
		6A3B60E61C86D68A00FD7A31 /* xml */ = {
			isa = PBXGroup;
			children = (
				6A3B60E71C86D68A00FD7A31 /* inc */,
				6A3B60EB1C86D68A00FD7A31 /* src */,
			);
			path = xml;
			sourceTree = "<group>";
		};
		6A3B60E71C86D68A00FD7A31 /* inc */ = {
			isa = PBXGroup;
			children = (
				6A3B60E81C86D68A00FD7A31 /* MSSCCPRJ.SCC */,
				6A3B60E91C86D68A00FD7A31 /* tinystr.h */,
				6A3B60EA1C86D68A00FD7A31 /* tinyxml.h */,
			);
			path = inc;
			sourceTree = "<group>";
		};
		6A3B60EB1C86D68A00FD7A31 /* src */ = {
			isa = PBXGroup;
			children = (
				6A3B60EC1C86D68A00FD7A31 /* CMakeLists.txt */,
				6A3B60ED1C86D68A00FD7A31 /* MSSCCPRJ.SCC */,
				6A3B60EE1C86D68A00FD7A31 /* tinystr.cpp */,
				6A3B60EF1C86D68A00FD7A31 /* tinyxml.cpp */,
				6A3B60F01C86D68A00FD7A31 /* tinyxmlerror.cpp */,
				6A3B60F11C86D68A00FD7A31 /* tinyxmlparser.cpp */,
			);
			path = src;
			sourceTree = "<group>";
		};
		6A3D949D1C61F4D6002016E8 /* triangle */ = {
			isa = PBXGroup;
			children = (
				6A01C7831CEC401A00B0857E /* triangle.c */,
				6A01C7841CEC401A00B0857E /* triangle.h */,
			);
			name = triangle;
			sourceTree = "<group>";
		};
		6A4D91C31CB38E83006036C4 /* test */ = {
			isa = PBXGroup;
			children = (
			);
			name = test;
			sourceTree = "<group>";
		};
		6A7FAA791C1E7323007DBB6A /* json */ = {
			isa = PBXGroup;
			children = (
				6A7FAA7B1C1E745A007DBB6A /* rapidjson */,
			);
			name = json;
			sourceTree = "<group>";
		};
		6AAE3A781C7B0C5200811CDF /* gpc */ = {
			isa = PBXGroup;
			children = (
				6A01C7801CEC3E1E00B0857E /* gpc.c */,
				6A01C7811CEC3E1E00B0857E /* gpc.h */,
			);
			name = gpc;
			sourceTree = "<group>";
		};
		6ACB10AD1D13E73200F53C9E /* ConsoleTest */ = {
			isa = PBXGroup;
			children = (
				6ACB10AE1D13E73200F53C9E /* memtest.cpp */,
				6A0717891D531F5D00A568FB /* test.cpp */,
				6A73048C1F47053F003A86E6 /* test0.cpp */,
			);
			path = ConsoleTest;
			sourceTree = "<group>";
		};
		6AE07A301C0BE22600563A09 = {
			isa = PBXGroup;
			children = (
				6A253AD51D6C2F4D005B21A5 /* Template */,
				6A08B8611D3E1101008CE764 /* MyClassDef */,
				6A2A18111D3CDC9600A7DE13 /* Mem */,
				6A2DAE071D1C10C00003A481 /* geometry */,
				6A271ED61D0FFBA90016A118 /* loki.framework */,
				6A01C7501CEC0F0000B0857E /* polygontri */,
				6AE9A3E61CD9E5C200BE20C5 /* Polyline */,
				6A4D91C31CB38E83006036C4 /* test */,
				6A3B60E61C86D68A00FD7A31 /* xml */,
				6AAE3A781C7B0C5200811CDF /* gpc */,
				6A3D949D1C61F4D6002016E8 /* triangle */,
				6A7FAA791C1E7323007DBB6A /* json */,
				6AE07A3B1C0BE22600563A09 /* XCodeCppTest */,
				6ACB10AD1D13E73200F53C9E /* ConsoleTest */,
				6AE07A3A1C0BE22600563A09 /* Products */,
			);
			sourceTree = "<group>";
		};
		6AE07A3A1C0BE22600563A09 /* Products */ = {
			isa = PBXGroup;
			children = (
				6AE07A391C0BE22600563A09 /* XCodeCppTest */,
				6ACB10AC1D13E73200F53C9E /* ConsoleTest */,
			);
			name = Products;
			sourceTree = "<group>";
		};
		6AE07A3B1C0BE22600563A09 /* XCodeCppTest */ = {
			isa = PBXGroup;
			children = (
				6A2DAE051D1C0F620003A481 /* geometryTest.cpp */,
				6ACB10A11D13CD3D00F53C9E /* octreeTest.cpp */,
				6AF362AD1D0FFCA6002ECEBA /* lokiTest.cpp */,
				6A01C7871CEC40AE00B0857E /* hashmapTest.cpp */,
				6A76AF991CCF00F70048AD43 /* test.cpp */,
				6A76AF971CCEFF7A0048AD43 /* memfuncpointer.cpp */,
				6A721DC41CD9F4BE008F666C /* 2dPolylineTest.cpp */,
				6A91D7A01C992A0800AFDEF7 /* singleton.cpp */,
				6AE07A3C1C0BE22600563A09 /* jsonTest.cpp */,
				6ACC45DB1C86D6FF00348904 /* xmlTest.cpp */,
				6A89E2BB1C7BFA1A006CE56A /* gpcTest.cpp */,
				6A89E2B91C7BF9B6006CE56A /* triangleTest.cpp */,
				6A70228C1CACF83700817D59 /* templateTest.cpp */,
				6A733A901CC0993400B55C5D /* utf8-unicode.cpp */,
			);
			path = XCodeCppTest;
			sourceTree = "<group>";
		};
		6AE9A3E61CD9E5C200BE20C5 /* Polyline */ = {
			isa = PBXGroup;
			children = (
				6AE9A3ED1CD9E96F00BE20C5 /* vertex_array_holder.h */,
				6AE9A3E91CD9E6F900BE20C5 /* point.h */,
				6AE9A3EB1CD9E6F900BE20C5 /* vaser.h */,
				6AE9A3E71CD9E5F200BE20C5 /* polyline.cpp */,
			);
			name = Polyline;
			sourceTree = "<group>";
		};
/* End PBXGroup section */

/* Begin PBXNativeTarget section */
		6ACB10AB1D13E73200F53C9E /* ConsoleTest */ = {
			isa = PBXNativeTarget;
			buildConfigurationList = 6ACB10B01D13E73200F53C9E /* Build configuration list for PBXNativeTarget "ConsoleTest" */;
			buildPhases = (
				6ACB10A81D13E73200F53C9E /* Sources */,
				6ACB10A91D13E73200F53C9E /* Frameworks */,
				6ACB10AA1D13E73200F53C9E /* CopyFiles */,
			);
			buildRules = (
			);
			dependencies = (
			);
			name = ConsoleTest;
			productName = ConsoleTest;
			productReference = 6ACB10AC1D13E73200F53C9E /* ConsoleTest */;
			productType = "com.apple.product-type.tool";
		};
		6AE07A381C0BE22600563A09 /* XCodeCppTest */ = {
			isa = PBXNativeTarget;
			buildConfigurationList = 6AE07A401C0BE22600563A09 /* Build configuration list for PBXNativeTarget "XCodeCppTest" */;
			buildPhases = (
				6AE07A351C0BE22600563A09 /* Sources */,
				6AE07A361C0BE22600563A09 /* Frameworks */,
				6AE07A371C0BE22600563A09 /* CopyFiles */,
			);
			buildRules = (
			);
			dependencies = (
			);
			name = XCodeCppTest;
			productName = XCodeCppTest;
			productReference = 6AE07A391C0BE22600563A09 /* XCodeCppTest */;
			productType = "com.apple.product-type.tool";
		};
/* End PBXNativeTarget section */

/* Begin PBXProject section */
		6AE07A311C0BE22600563A09 /* Project object */ = {
			isa = PBXProject;
			attributes = {
				LastUpgradeCheck = 0640;
				ORGANIZATIONNAME = TuLigen;
				TargetAttributes = {
					6ACB10AB1D13E73200F53C9E = {
						CreatedOnToolsVersion = 6.4;
					};
					6AE07A381C0BE22600563A09 = {
						CreatedOnToolsVersion = 6.4;
					};
				};
			};
			buildConfigurationList = 6AE07A341C0BE22600563A09 /* Build configuration list for PBXProject "XCodeCppTest" */;
			compatibilityVersion = "Xcode 3.2";
			developmentRegion = English;
			hasScannedForEncodings = 0;
			knownRegions = (
				en,
				English,
			);
			mainGroup = 6AE07A301C0BE22600563A09;
			productRefGroup = 6AE07A3A1C0BE22600563A09 /* Products */;
			projectDirPath = "";
			projectRoot = "";
			targets = (
				6AE07A381C0BE22600563A09 /* XCodeCppTest */,
				6ACB10AB1D13E73200F53C9E /* ConsoleTest */,
			);
		};
/* End PBXProject section */

/* Begin PBXSourcesBuildPhase section */
		6ACB10A81D13E73200F53C9E /* Sources */ = {
			isa = PBXSourcesBuildPhase;
			buildActionMask = 2147483647;
			files = (
				6A08B87D1D3E201A008CE764 /* NedPoolingPolicy.cpp in Sources */,
				6A07178B1D531F5D00A568FB /* test.cpp in Sources */,
				6A08B87E1D3E201A008CE764 /* AllocatedObject.cpp in Sources */,
				6A73048D1F47053F003A86E6 /* test0.cpp in Sources */,
				6ACB10AF1D13E73200F53C9E /* memtest.cpp in Sources */,
			);
			runOnlyForDeploymentPostprocessing = 0;
		};
		6AE07A351C0BE22600563A09 /* Sources */ = {
			isa = PBXSourcesBuildPhase;
			buildActionMask = 2147483647;
			files = (
				6A01C7611CEC0F0000B0857E /* Makefile in Sources */,
				6A01C75F1CEC0F0000B0857E /* construct.c in Sources */,
				6A01C7641CEC0F0000B0857E /* monotone.c in Sources */,
				6A08B85D1D3DFE29008CE764 /* dlmamlloc.cpp in Sources */,
				6A91D7A21C992A0800AFDEF7 /* singleton.cpp in Sources */,
				6A3B60F31C86D68A00FD7A31 /* tinyxml.cpp in Sources */,
				6A3B60F21C86D68A00FD7A31 /* tinystr.cpp in Sources */,
				6A01C7881CEC40AE00B0857E /* hashmapTest.cpp in Sources */,
				6A08B85A1D3DFE1B008CE764 /* nedmalloc.c in Sources */,
				6AE07A3D1C0BE22600563A09 /* jsonTest.cpp in Sources */,
				6A08B87C1D3E1F21008CE764 /* NedPoolingPolicy.cpp in Sources */,
				6A721DC51CD9F4BE008F666C /* 2dPolylineTest.cpp in Sources */,
				6A76AF9A1CCF00F70048AD43 /* test.cpp in Sources */,
				6A01C7821CEC3E1E00B0857E /* gpc.c in Sources */,
				6AE9A3E81CD9E5F200BE20C5 /* polyline.cpp in Sources */,
				6AF362AE1D0FFCA6002ECEBA /* lokiTest.cpp in Sources */,
				6A3B60F51C86D68A00FD7A31 /* tinyxmlparser.cpp in Sources */,
				6A89E2BC1C7BFA1A006CE56A /* gpcTest.cpp in Sources */,
				6A2DAE061D1C0F620003A481 /* geometryTest.cpp in Sources */,
				6A08B8791D3E186F008CE764 /* AllocatedObject.cpp in Sources */,
				6A733A911CC0993400B55C5D /* utf8-unicode.cpp in Sources */,
				6ACB10A21D13CD3D00F53C9E /* octreeTest.cpp in Sources */,
				6A70228D1CACF83700817D59 /* templateTest.cpp in Sources */,
				6ACC45DC1C86D6FF00348904 /* xmlTest.cpp in Sources */,
				6A01C7621CEC0F0000B0857E /* misc.c in Sources */,
				6A253AD81D6C2F7F005B21A5 /* Template.cpp in Sources */,
				6A76AF981CCEFF7A0048AD43 /* memfuncpointer.cpp in Sources */,
				6A01C7661CEC0F0000B0857E /* tri.c in Sources */,
				6A01C7851CEC401A00B0857E /* triangle.c in Sources */,
				6A3B60F41C86D68A00FD7A31 /* tinyxmlerror.cpp in Sources */,
				6A08B8601D3DFF51008CE764 /* MemoryPool.tcc in Sources */,
				6A89E2BA1C7BF9B6006CE56A /* triangleTest.cpp in Sources */,
			);
			runOnlyForDeploymentPostprocessing = 0;
		};
/* End PBXSourcesBuildPhase section */

/* Begin XCBuildConfiguration section */
		6ACB10B11D13E73200F53C9E /* Debug */ = {
			isa = XCBuildConfiguration;
			buildSettings = {
				GCC_PREPROCESSOR_DEFINITIONS = "";
				HEADER_SEARCH_PATHS = (
					"$(SRCROOT)/mem",
					"$(inherited)",
					/Applications/Xcode.app/Contents/Developer/Toolchains/XcodeDefault.xctoolchain/usr/include,
					./rapidjson,
					./triangle,
					./mem/nedmalloc,
					./polygontri,
					"$(MYPATH)/include",
				);
				MACOSX_DEPLOYMENT_TARGET = 10.11;
				PRODUCT_NAME = "$(TARGET_NAME)";
			};
			name = Debug;
		};
		6ACB10B21D13E73200F53C9E /* Release */ = {
			isa = XCBuildConfiguration;
			buildSettings = {
				GCC_PREPROCESSOR_DEFINITIONS = "";
				HEADER_SEARCH_PATHS = (
					"$(SRCROOT)/mem",
					"$(inherited)",
					/Applications/Xcode.app/Contents/Developer/Toolchains/XcodeDefault.xctoolchain/usr/include,
					./rapidjson,
					./triangle,
					./mem/nedmalloc,
					./polygontri,
					"$(MYPATH)/include",
				);
				MACOSX_DEPLOYMENT_TARGET = 10.11;
				PRODUCT_NAME = "$(TARGET_NAME)";
			};
			name = Release;
		};
		6AE07A3E1C0BE22600563A09 /* Debug */ = {
			isa = XCBuildConfiguration;
			buildSettings = {
				ALWAYS_SEARCH_USER_PATHS = NO;
				CLANG_CXX_LANGUAGE_STANDARD = "gnu++0x";
				CLANG_CXX_LIBRARY = "libc++";
				CLANG_ENABLE_MODULES = YES;
				CLANG_ENABLE_OBJC_ARC = YES;
				CLANG_WARN_BOOL_CONVERSION = YES;
				CLANG_WARN_CONSTANT_CONVERSION = YES;
				CLANG_WARN_DIRECT_OBJC_ISA_USAGE = YES_ERROR;
				CLANG_WARN_EMPTY_BODY = YES;
				CLANG_WARN_ENUM_CONVERSION = YES;
				CLANG_WARN_INT_CONVERSION = YES;
				CLANG_WARN_OBJC_ROOT_CLASS = YES_ERROR;
				CLANG_WARN_UNREACHABLE_CODE = YES;
				CLANG_WARN__DUPLICATE_METHOD_MATCH = YES;
				COPY_PHASE_STRIP = NO;
				DEBUG_INFORMATION_FORMAT = dwarf;
				ENABLE_STRICT_OBJC_MSGSEND = YES;
				GCC_C_LANGUAGE_STANDARD = gnu99;
				GCC_DYNAMIC_NO_PIC = NO;
				GCC_NO_COMMON_BLOCKS = YES;
				GCC_OPTIMIZATION_LEVEL = 0;
				GCC_PREPROCESSOR_DEFINITIONS = (
					"DEBUG=1",
					"$(inherited)",
					TRILIBRARY,
				);
				GCC_SYMBOLS_PRIVATE_EXTERN = NO;
				GCC_WARN_64_TO_32_BIT_CONVERSION = YES;
				GCC_WARN_ABOUT_RETURN_TYPE = YES_ERROR;
				GCC_WARN_UNDECLARED_SELECTOR = YES;
				GCC_WARN_UNINITIALIZED_AUTOS = YES_AGGRESSIVE;
				GCC_WARN_UNUSED_FUNCTION = YES;
				GCC_WARN_UNUSED_VARIABLE = YES;
				HEADER_SEARCH_PATHS = (
					"$(inherited)",
					/Applications/Xcode.app/Contents/Developer/Toolchains/XcodeDefault.xctoolchain/usr/include,
					./rapidjson,
					./triangle,
					./polygontri,
					./MyClassDef/include,
				);
				MACOSX_DEPLOYMENT_TARGET = 10.10;
				MTL_ENABLE_DEBUG_INFO = YES;
				ONLY_ACTIVE_ARCH = YES;
				SDKROOT = macosx;
			};
			name = Debug;
		};
		6AE07A3F1C0BE22600563A09 /* Release */ = {
			isa = XCBuildConfiguration;
			buildSettings = {
				ALWAYS_SEARCH_USER_PATHS = NO;
				CLANG_CXX_LANGUAGE_STANDARD = "gnu++0x";
				CLANG_CXX_LIBRARY = "libc++";
				CLANG_ENABLE_MODULES = YES;
				CLANG_ENABLE_OBJC_ARC = YES;
				CLANG_WARN_BOOL_CONVERSION = YES;
				CLANG_WARN_CONSTANT_CONVERSION = YES;
				CLANG_WARN_DIRECT_OBJC_ISA_USAGE = YES_ERROR;
				CLANG_WARN_EMPTY_BODY = YES;
				CLANG_WARN_ENUM_CONVERSION = YES;
				CLANG_WARN_INT_CONVERSION = YES;
				CLANG_WARN_OBJC_ROOT_CLASS = YES_ERROR;
				CLANG_WARN_UNREACHABLE_CODE = YES;
				CLANG_WARN__DUPLICATE_METHOD_MATCH = YES;
				COPY_PHASE_STRIP = NO;
				DEBUG_INFORMATION_FORMAT = "dwarf-with-dsym";
				ENABLE_NS_ASSERTIONS = NO;
				ENABLE_STRICT_OBJC_MSGSEND = YES;
				GCC_C_LANGUAGE_STANDARD = gnu99;
				GCC_NO_COMMON_BLOCKS = YES;
				GCC_WARN_64_TO_32_BIT_CONVERSION = YES;
				GCC_WARN_ABOUT_RETURN_TYPE = YES_ERROR;
				GCC_WARN_UNDECLARED_SELECTOR = YES;
				GCC_WARN_UNINITIALIZED_AUTOS = YES_AGGRESSIVE;
				GCC_WARN_UNUSED_FUNCTION = YES;
				GCC_WARN_UNUSED_VARIABLE = YES;
				HEADER_SEARCH_PATHS = (
					"$(inherited)",
					/Applications/Xcode.app/Contents/Developer/Toolchains/XcodeDefault.xctoolchain/usr/include,
					./rapidjson,
					./triangle,
					./polygontri,
					./MyClassDef/include,
				);
				MACOSX_DEPLOYMENT_TARGET = 10.10;
				MTL_ENABLE_DEBUG_INFO = NO;
				SDKROOT = macosx;
			};
			name = Release;
		};
		6AE07A411C0BE22600563A09 /* Debug */ = {
			isa = XCBuildConfiguration;
			buildSettings = {
				FRAMEWORK_SEARCH_PATHS = (
					"$(inherited)",
					"$(PROJECT_DIR)/loki/lib",
				);
				HEADER_SEARCH_PATHS = (
					"$(inherited)",
					/Applications/Xcode.app/Contents/Developer/Toolchains/XcodeDefault.xctoolchain/usr/include,
					"$(SRCROOT)/rdpidjson",
					"$(SRCROOT)/geometry/include",
				);
				LIBRARY_SEARCH_PATHS = /Users/TLG/Documents/GitHub/XCodeCppTest/loki;
				PRODUCT_NAME = "$(TARGET_NAME)";
			};
			name = Debug;
		};
		6AE07A421C0BE22600563A09 /* Release */ = {
			isa = XCBuildConfiguration;
			buildSettings = {
				FRAMEWORK_SEARCH_PATHS = (
					"$(inherited)",
					"$(PROJECT_DIR)/loki/lib",
				);
				HEADER_SEARCH_PATHS = (
					"$(inherited)",
					/Applications/Xcode.app/Contents/Developer/Toolchains/XcodeDefault.xctoolchain/usr/include,
					"$(SRCROOT)/rdpidjson",
					"$(SRCROOT)/geometry/include",
				);
				LIBRARY_SEARCH_PATHS = /Users/TLG/Documents/GitHub/XCodeCppTest/loki;
				PRODUCT_NAME = "$(TARGET_NAME)";
			};
			name = Release;
		};
/* End XCBuildConfiguration section */

/* Begin XCConfigurationList section */
		6ACB10B01D13E73200F53C9E /* Build configuration list for PBXNativeTarget "ConsoleTest" */ = {
			isa = XCConfigurationList;
			buildConfigurations = (
				6ACB10B11D13E73200F53C9E /* Debug */,
				6ACB10B21D13E73200F53C9E /* Release */,
			);
			defaultConfigurationIsVisible = 0;
			defaultConfigurationName = Release;
		};
		6AE07A341C0BE22600563A09 /* Build configuration list for PBXProject "XCodeCppTest" */ = {
			isa = XCConfigurationList;
			buildConfigurations = (
				6AE07A3E1C0BE22600563A09 /* Debug */,
				6AE07A3F1C0BE22600563A09 /* Release */,
			);
			defaultConfigurationIsVisible = 0;
			defaultConfigurationName = Release;
		};
		6AE07A401C0BE22600563A09 /* Build configuration list for PBXNativeTarget "XCodeCppTest" */ = {
			isa = XCConfigurationList;
			buildConfigurations = (
				6AE07A411C0BE22600563A09 /* Debug */,
				6AE07A421C0BE22600563A09 /* Release */,
			);
			defaultConfigurationIsVisible = 0;
			defaultConfigurationName = Release;
		};
/* End XCConfigurationList section */
	};
	rootObject = 6AE07A311C0BE22600563A09 /* Project object */;
}
